// !$*UTF8*$!
{
	archiveVersion = 1;
	classes = {
	};
	objectVersion = 77;
	objects = {

/* Begin PBXBuildFile section */
		27EA803D2DF83B3300D8CC31 /* Assets.xcassets in Resources */ = {isa = PBXBuildFile; fileRef = 27EA802A2DF83B3300D8CC31 /* Assets.xcassets */; };
		27EA803E2DF83B3300D8CC31 /* LaunchScreen.storyboard in Resources */ = {isa = PBXBuildFile; fileRef = 27EA802E2DF83B3300D8CC31 /* LaunchScreen.storyboard */; };
		27EA803F2DF83B3300D8CC31 /* Main.storyboard in Resources */ = {isa = PBXBuildFile; fileRef = 27EA80302DF83B3300D8CC31 /* Main.storyboard */; };
		27EA80412DF83B3300D8CC31 /* AppDelegate.swift in Sources */ = {isa = PBXBuildFile; fileRef = 27EA80392DF83B3300D8CC31 /* AppDelegate.swift */; };
		27EA80422DF83B3300D8CC31 /* SceneDelegate.swift in Sources */ = {isa = PBXBuildFile; fileRef = 27EA803B2DF83B3300D8CC31 /* SceneDelegate.swift */; };
		27EA80442DF83D7500D8CC31 /* LoginViewController.swift in Sources */ = {isa = PBXBuildFile; fileRef = 27EA80432DF83D7500D8CC31 /* LoginViewController.swift */; };
		27EA80472DF83E1D00D8CC31 /* LoginViewController.swift in Sources */ = {isa = PBXBuildFile; fileRef = 27EA80432DF83D7500D8CC31 /* LoginViewController.swift */; };
		27EA80482DF83E1D00D8CC31 /* AppDelegate.swift in Sources */ = {isa = PBXBuildFile; fileRef = 27EA80392DF83B3300D8CC31 /* AppDelegate.swift */; };
		27EA80492DF83E1D00D8CC31 /* SceneDelegate.swift in Sources */ = {isa = PBXBuildFile; fileRef = 27EA803B2DF83B3300D8CC31 /* SceneDelegate.swift */; };
		27EA804C2DF83E1D00D8CC31 /* Assets.xcassets in Resources */ = {isa = PBXBuildFile; fileRef = 27EA802A2DF83B3300D8CC31 /* Assets.xcassets */; };
		27EA804D2DF83E1D00D8CC31 /* LaunchScreen.storyboard in Resources */ = {isa = PBXBuildFile; fileRef = 27EA802E2DF83B3300D8CC31 /* LaunchScreen.storyboard */; };
		27EA804E2DF83E1D00D8CC31 /* Main.storyboard in Resources */ = {isa = PBXBuildFile; fileRef = 27EA80302DF83B3300D8CC31 /* Main.storyboard */; };
		27EA805D2DF850AF00D8CC31 /* AppConstant.swift in Sources */ = {isa = PBXBuildFile; fileRef = 27EA805C2DF850AA00D8CC31 /* AppConstant.swift */; };
		27EA805E2DF850AF00D8CC31 /* AppConstant.swift in Sources */ = {isa = PBXBuildFile; fileRef = 27EA805C2DF850AA00D8CC31 /* AppConstant.swift */; };
		27EA80612DF8562B00D8CC31 /* SnapKit in Frameworks */ = {isa = PBXBuildFile; productRef = 27EA80602DF8562B00D8CC31 /* SnapKit */; };
		27EA80632DF8563000D8CC31 /* SwiftyJSON in Frameworks */ = {isa = PBXBuildFile; productRef = 27EA80622DF8563000D8CC31 /* SwiftyJSON */; };
		27EA80652DF8563400D8CC31 /* Kingfisher in Frameworks */ = {isa = PBXBuildFile; productRef = 27EA80642DF8563400D8CC31 /* Kingfisher */; };
		27EA80672DF8564200D8CC31 /* IQKeyboardManagerSwift in Frameworks */ = {isa = PBXBuildFile; productRef = 27EA80662DF8564200D8CC31 /* IQKeyboardManagerSwift */; };
		27EA80692DF8565A00D8CC31 /* FirebaseRemoteConfig in Frameworks */ = {isa = PBXBuildFile; productRef = 27EA80682DF8565A00D8CC31 /* FirebaseRemoteConfig */; };
		27EA806B2DF8566300D8CC31 /* FirebaseCore in Frameworks */ = {isa = PBXBuildFile; productRef = 27EA806A2DF8566300D8CC31 /* FirebaseCore */; };
		27EA806D2DF8567300D8CC31 /* FirebaseAnalytics in Frameworks */ = {isa = PBXBuildFile; productRef = 27EA806C2DF8567300D8CC31 /* FirebaseAnalytics */; };
		27EA806F2DF8568C00D8CC31 /* FirebaseAuth in Frameworks */ = {isa = PBXBuildFile; productRef = 27EA806E2DF8568C00D8CC31 /* FirebaseAuth */; };
		27EA80712DF856A000D8CC31 /* SnapKit in Frameworks */ = {isa = PBXBuildFile; productRef = 27EA80702DF856A000D8CC31 /* SnapKit */; };
		27EA80732DF856A400D8CC31 /* SwiftyJSON in Frameworks */ = {isa = PBXBuildFile; productRef = 27EA80722DF856A400D8CC31 /* SwiftyJSON */; };
		27EA80752DF856A700D8CC31 /* Kingfisher in Frameworks */ = {isa = PBXBuildFile; productRef = 27EA80742DF856A700D8CC31 /* Kingfisher */; };
		27EA80772DF856AD00D8CC31 /* FirebaseAnalytics in Frameworks */ = {isa = PBXBuildFile; productRef = 27EA80762DF856AD00D8CC31 /* FirebaseAnalytics */; };
		27EA80792DF856B200D8CC31 /* FirebaseAuth in Frameworks */ = {isa = PBXBuildFile; productRef = 27EA80782DF856B200D8CC31 /* FirebaseAuth */; };
		27EA807B2DF856B700D8CC31 /* FirebaseCore in Frameworks */ = {isa = PBXBuildFile; productRef = 27EA807A2DF856B700D8CC31 /* FirebaseCore */; };
		27EA807D2DF856CE00D8CC31 /* IQKeyboardManagerSwift in Frameworks */ = {isa = PBXBuildFile; productRef = 27EA807C2DF856CE00D8CC31 /* IQKeyboardManagerSwift */; };
		27EA807F2DF856DA00D8CC31 /* FirebaseRemoteConfig in Frameworks */ = {isa = PBXBuildFile; productRef = 27EA807E2DF856DA00D8CC31 /* FirebaseRemoteConfig */; };
		27EA80832DF86D6A00D8CC31 /* LoginView.swift in Sources */ = {isa = PBXBuildFile; fileRef = 27EA80822DF86D6800D8CC31 /* LoginView.swift */; };
		27EA80842DF86D6A00D8CC31 /* LoginView.swift in Sources */ = {isa = PBXBuildFile; fileRef = 27EA80822DF86D6800D8CC31 /* LoginView.swift */; };
		27EA80892DF86EC900D8CC31 /* LoginViewModel.swift in Sources */ = {isa = PBXBuildFile; fileRef = 27EA80882DF86EC600D8CC31 /* LoginViewModel.swift */; };
		27EA808A2DF86EC900D8CC31 /* LoginViewModel.swift in Sources */ = {isa = PBXBuildFile; fileRef = 27EA80882DF86EC600D8CC31 /* LoginViewModel.swift */; };
		27EA808C2DF87B9200D8CC31 /* SplashViewController.swift in Sources */ = {isa = PBXBuildFile; fileRef = 27EA808B2DF87B8B00D8CC31 /* SplashViewController.swift */; };
		27EA808D2DF87B9200D8CC31 /* SplashViewController.swift in Sources */ = {isa = PBXBuildFile; fileRef = 27EA808B2DF87B8B00D8CC31 /* SplashViewController.swift */; };
		27EA80B62DF87D6200D8CC31 /* SocialAuthManager.swift in Sources */ = {isa = PBXBuildFile; fileRef = 27EA80B52DF87D4D00D8CC31 /* SocialAuthManager.swift */; };
		27EA80B72DF87D6200D8CC31 /* SocialAuthManager.swift in Sources */ = {isa = PBXBuildFile; fileRef = 27EA80B52DF87D4D00D8CC31 /* SocialAuthManager.swift */; };
		27EA80BA2DF87EBF00D8CC31 /* GoogleSignIn in Frameworks */ = {isa = PBXBuildFile; productRef = 27EA80B92DF87EBF00D8CC31 /* GoogleSignIn */; };
		27EA80BC2DF9904F00D8CC31 /* GoogleSignIn in Frameworks */ = {isa = PBXBuildFile; productRef = 27EA80BB2DF9904F00D8CC31 /* GoogleSignIn */; };
		27EA80BF2DF990F700D8CC31 /* CryptoUtils.swift in Sources */ = {isa = PBXBuildFile; fileRef = 27EA80BE2DF990F100D8CC31 /* CryptoUtils.swift */; };
		27EA80C02DF990F700D8CC31 /* CryptoUtils.swift in Sources */ = {isa = PBXBuildFile; fileRef = 27EA80BE2DF990F100D8CC31 /* CryptoUtils.swift */; };
		27EA81972E09144D00D8CC31 /* CustomTextField.swift in Sources */ = {isa = PBXBuildFile; fileRef = 27EA81962E09144900D8CC31 /* CustomTextField.swift */; };
		27EA81982E09144D00D8CC31 /* CustomTextField.swift in Sources */ = {isa = PBXBuildFile; fileRef = 27EA81962E09144900D8CC31 /* CustomTextField.swift */; };
		27EA819B2E09160B00D8CC31 /* ExtensionColor.swift in Sources */ = {isa = PBXBuildFile; fileRef = 27EA819A2E09160300D8CC31 /* ExtensionColor.swift */; };
		27EA819C2E09160B00D8CC31 /* ExtensionColor.swift in Sources */ = {isa = PBXBuildFile; fileRef = 27EA819A2E09160300D8CC31 /* ExtensionColor.swift */; };
		27EA81A22E091B9000D8CC31 /* Roboto-Light.ttf in Resources */ = {isa = PBXBuildFile; fileRef = 27EA819F2E091B9000D8CC31 /* Roboto-Light.ttf */; };
		27EA81A32E091B9000D8CC31 /* Roboto-Medium.ttf in Resources */ = {isa = PBXBuildFile; fileRef = 27EA81A02E091B9000D8CC31 /* Roboto-Medium.ttf */; };
		27EA81A42E091B9000D8CC31 /* Roboto-Regular.ttf in Resources */ = {isa = PBXBuildFile; fileRef = 27EA81A12E091B9000D8CC31 /* Roboto-Regular.ttf */; };
		27EA81A52E091B9000D8CC31 /* Roboto-Bold.ttf in Resources */ = {isa = PBXBuildFile; fileRef = 27EA819E2E091B9000D8CC31 /* Roboto-Bold.ttf */; };
		27EA81A62E091B9000D8CC31 /* Roboto-Light.ttf in Resources */ = {isa = PBXBuildFile; fileRef = 27EA819F2E091B9000D8CC31 /* Roboto-Light.ttf */; };
		27EA81A72E091B9000D8CC31 /* Roboto-Medium.ttf in Resources */ = {isa = PBXBuildFile; fileRef = 27EA81A02E091B9000D8CC31 /* Roboto-Medium.ttf */; };
		27EA81A82E091B9000D8CC31 /* Roboto-Regular.ttf in Resources */ = {isa = PBXBuildFile; fileRef = 27EA81A12E091B9000D8CC31 /* Roboto-Regular.ttf */; };
		27EA81A92E091B9000D8CC31 /* Roboto-Bold.ttf in Resources */ = {isa = PBXBuildFile; fileRef = 27EA819E2E091B9000D8CC31 /* Roboto-Bold.ttf */; };
		27EA81AB2E091CE200D8CC31 /* ExtensionFont.swift in Sources */ = {isa = PBXBuildFile; fileRef = 27EA81AA2E091CDE00D8CC31 /* ExtensionFont.swift */; };
		27EA81AC2E091CE200D8CC31 /* ExtensionFont.swift in Sources */ = {isa = PBXBuildFile; fileRef = 27EA81AA2E091CDE00D8CC31 /* ExtensionFont.swift */; };
		27EA81AE2E0920DF00D8CC31 /* CustomButton.swift in Sources */ = {isa = PBXBuildFile; fileRef = 27EA81AD2E0920D900D8CC31 /* CustomButton.swift */; };
		27EA81AF2E0920DF00D8CC31 /* CustomButton.swift in Sources */ = {isa = PBXBuildFile; fileRef = 27EA81AD2E0920D900D8CC31 /* CustomButton.swift */; };
		27EA81C12E0981F600D8CC31 /* ExtensionAttributeString.swift in Sources */ = {isa = PBXBuildFile; fileRef = 27EA81C02E0981EB00D8CC31 /* ExtensionAttributeString.swift */; };
		27EA81C22E0981F600D8CC31 /* ExtensionAttributeString.swift in Sources */ = {isa = PBXBuildFile; fileRef = 27EA81C02E0981EB00D8CC31 /* ExtensionAttributeString.swift */; };
		27EA81C42E09821300D8CC31 /* ExtensionString.swift in Sources */ = {isa = PBXBuildFile; fileRef = 27EA81C32E09821000D8CC31 /* ExtensionString.swift */; };
		27EA81C52E09821300D8CC31 /* ExtensionString.swift in Sources */ = {isa = PBXBuildFile; fileRef = 27EA81C32E09821000D8CC31 /* ExtensionString.swift */; };
		27EA81C72E09864100D8CC31 /* ExtensionButton.swift in Sources */ = {isa = PBXBuildFile; fileRef = 27EA81C62E09863D00D8CC31 /* ExtensionButton.swift */; };
		27EA81C82E09864100D8CC31 /* ExtensionButton.swift in Sources */ = {isa = PBXBuildFile; fileRef = 27EA81C62E09863D00D8CC31 /* ExtensionButton.swift */; };
		27EA82E62E1E8F5800D8CC31 /* MainTabBarController.swift in Sources */ = {isa = PBXBuildFile; fileRef = 27EA82E52E1E8F5800D8CC31 /* MainTabBarController.swift */; };
		27EA82E72E1E8F5800D8CC31 /* MainTabBarController.swift in Sources */ = {isa = PBXBuildFile; fileRef = 27EA82E52E1E8F5800D8CC31 /* MainTabBarController.swift */; };
		27EA82E92E1E8FA000D8CC31 /* TabBarViewModel.swift in Sources */ = {isa = PBXBuildFile; fileRef = 27EA82E82E1E8F9C00D8CC31 /* TabBarViewModel.swift */; };
		27EA82EA2E1E8FA000D8CC31 /* TabBarViewModel.swift in Sources */ = {isa = PBXBuildFile; fileRef = 27EA82E82E1E8F9C00D8CC31 /* TabBarViewModel.swift */; };
		27EA82EE2E1E901500D8CC31 /* HomeView.swift in Sources */ = {isa = PBXBuildFile; fileRef = 27EA82ED2E1E901500D8CC31 /* HomeView.swift */; };
		27EA82EF2E1E901500D8CC31 /* HomeView.swift in Sources */ = {isa = PBXBuildFile; fileRef = 27EA82ED2E1E901500D8CC31 /* HomeView.swift */; };
		27EA82F12E1E902400D8CC31 /* HomeViewController.swift in Sources */ = {isa = PBXBuildFile; fileRef = 27EA82F02E1E902400D8CC31 /* HomeViewController.swift */; };
		27EA82F22E1E902400D8CC31 /* HomeViewController.swift in Sources */ = {isa = PBXBuildFile; fileRef = 27EA82F02E1E902400D8CC31 /* HomeViewController.swift */; };
		27EA82F62E1E904900D8CC31 /* PackageView.swift in Sources */ = {isa = PBXBuildFile; fileRef = 27EA82F52E1E904900D8CC31 /* PackageView.swift */; };
		27EA82F72E1E904900D8CC31 /* PackageView.swift in Sources */ = {isa = PBXBuildFile; fileRef = 27EA82F52E1E904900D8CC31 /* PackageView.swift */; };
		27EA82F92E1E905400D8CC31 /* PackageViewController.swift in Sources */ = {isa = PBXBuildFile; fileRef = 27EA82F82E1E905400D8CC31 /* PackageViewController.swift */; };
		27EA82FA2E1E905400D8CC31 /* PackageViewController.swift in Sources */ = {isa = PBXBuildFile; fileRef = 27EA82F82E1E905400D8CC31 /* PackageViewController.swift */; };
		27EA82FE2E1E907700D8CC31 /* ProfileView.swift in Sources */ = {isa = PBXBuildFile; fileRef = 27EA82FD2E1E907700D8CC31 /* ProfileView.swift */; };
		27EA82FF2E1E907700D8CC31 /* ProfileView.swift in Sources */ = {isa = PBXBuildFile; fileRef = 27EA82FD2E1E907700D8CC31 /* ProfileView.swift */; };
		27EA83012E1E908500D8CC31 /* ProfileViewController.swift in Sources */ = {isa = PBXBuildFile; fileRef = 27EA83002E1E908500D8CC31 /* ProfileViewController.swift */; };
		27EA83022E1E908500D8CC31 /* ProfileViewController.swift in Sources */ = {isa = PBXBuildFile; fileRef = 27EA83002E1E908500D8CC31 /* ProfileViewController.swift */; };
		27EA83062E1E909C00D8CC31 /* ReservationViewController.swift in Sources */ = {isa = PBXBuildFile; fileRef = 27EA83052E1E909C00D8CC31 /* ReservationViewController.swift */; };
		27EA83072E1E909C00D8CC31 /* ReservationViewController.swift in Sources */ = {isa = PBXBuildFile; fileRef = 27EA83052E1E909C00D8CC31 /* ReservationViewController.swift */; };
		27EA83092E1E90A800D8CC31 /* ReservationView.swift in Sources */ = {isa = PBXBuildFile; fileRef = 27EA83082E1E90A800D8CC31 /* ReservationView.swift */; };
		27EA830A2E1E90A800D8CC31 /* ReservationView.swift in Sources */ = {isa = PBXBuildFile; fileRef = 27EA83082E1E90A800D8CC31 /* ReservationView.swift */; };
		27EA83202E1E931A00D8CC31 /* TabItem.swift in Sources */ = {isa = PBXBuildFile; fileRef = 27EA831F2E1E931800D8CC31 /* TabItem.swift */; };
		27EA83212E1E931A00D8CC31 /* TabItem.swift in Sources */ = {isa = PBXBuildFile; fileRef = 27EA831F2E1E931800D8CC31 /* TabItem.swift */; };
		A84AAB4F2E23736700B5139B /* ProfileModel.swift in Sources */ = {isa = PBXBuildFile; fileRef = A84AAB4E2E23736500B5139B /* ProfileModel.swift */; };
		A84AAB502E23736700B5139B /* ProfileModel.swift in Sources */ = {isa = PBXBuildFile; fileRef = A84AAB4E2E23736500B5139B /* ProfileModel.swift */; };
		A84AAB522E23737200B5139B /* ProfileViewModel.swift in Sources */ = {isa = PBXBuildFile; fileRef = A84AAB512E23736E00B5139B /* ProfileViewModel.swift */; };
		A84AAB532E23737200B5139B /* ProfileViewModel.swift in Sources */ = {isa = PBXBuildFile; fileRef = A84AAB512E23736E00B5139B /* ProfileViewModel.swift */; };
		A84AAB552E23748600B5139B /* ProfileTableViewCell.swift in Sources */ = {isa = PBXBuildFile; fileRef = A84AAB542E23747F00B5139B /* ProfileTableViewCell.swift */; };
		A84AAB562E23748600B5139B /* ProfileTableViewCell.swift in Sources */ = {isa = PBXBuildFile; fileRef = A84AAB542E23747F00B5139B /* ProfileTableViewCell.swift */; };
		A84AABF42E2A631600B5139B /* PersonalInformationModel.swift in Sources */ = {isa = PBXBuildFile; fileRef = A84AABF32E2A631600B5139B /* PersonalInformationModel.swift */; };
		A84AABF52E2A631600B5139B /* PersonalInformationModel.swift in Sources */ = {isa = PBXBuildFile; fileRef = A84AABF32E2A631600B5139B /* PersonalInformationModel.swift */; };
		A84AABF72E2A633800B5139B /* PersonalInformationViewModel.swift in Sources */ = {isa = PBXBuildFile; fileRef = A84AABF62E2A632F00B5139B /* PersonalInformationViewModel.swift */; };
		A84AABF82E2A633800B5139B /* PersonalInformationViewModel.swift in Sources */ = {isa = PBXBuildFile; fileRef = A84AABF62E2A632F00B5139B /* PersonalInformationViewModel.swift */; };
		A84AABFD2E2A638400B5139B /* PersonalInformationView.swift in Sources */ = {isa = PBXBuildFile; fileRef = A84AABFC2E2A638000B5139B /* PersonalInformationView.swift */; };
		A84AABFE2E2A638400B5139B /* PersonalInformationView.swift in Sources */ = {isa = PBXBuildFile; fileRef = A84AABFC2E2A638000B5139B /* PersonalInformationView.swift */; };
		A84AAC002E2A639000B5139B /* PersonalInformationViewController.swift in Sources */ = {isa = PBXBuildFile; fileRef = A84AABFF2E2A638B00B5139B /* PersonalInformationViewController.swift */; };
		A84AAC012E2A639000B5139B /* PersonalInformationViewController.swift in Sources */ = {isa = PBXBuildFile; fileRef = A84AABFF2E2A638B00B5139B /* PersonalInformationViewController.swift */; };
		A8A6705E2E1293EE0017F98B /* SignUpView.swift in Sources */ = {isa = PBXBuildFile; fileRef = A8A6705D2E1293EB0017F98B /* SignUpView.swift */; };
		A8A6705F2E1293EE0017F98B /* SignUpView.swift in Sources */ = {isa = PBXBuildFile; fileRef = A8A6705D2E1293EB0017F98B /* SignUpView.swift */; };
		A8A670612E1293F60017F98B /* SignUpViewController.swift in Sources */ = {isa = PBXBuildFile; fileRef = A8A670602E1293F20017F98B /* SignUpViewController.swift */; };
		A8A670622E1293F60017F98B /* SignUpViewController.swift in Sources */ = {isa = PBXBuildFile; fileRef = A8A670602E1293F20017F98B /* SignUpViewController.swift */; };
		A8A670642E12940A0017F98B /* SignUpViewModel.swift in Sources */ = {isa = PBXBuildFile; fileRef = A8A670632E1294050017F98B /* SignUpViewModel.swift */; };
		A8A670652E12940A0017F98B /* SignUpViewModel.swift in Sources */ = {isa = PBXBuildFile; fileRef = A8A670632E1294050017F98B /* SignUpViewModel.swift */; };
		A8A670672E16D3AA0017F98B /* ExtensionNSAttributedString.swift in Sources */ = {isa = PBXBuildFile; fileRef = A8A670662E16D3A20017F98B /* ExtensionNSAttributedString.swift */; };
		A8A670682E16D3AA0017F98B /* ExtensionNSAttributedString.swift in Sources */ = {isa = PBXBuildFile; fileRef = A8A670662E16D3A20017F98B /* ExtensionNSAttributedString.swift */; };
		A8A670FD2E1EA5780017F98B /* OnBoardingView.swift in Sources */ = {isa = PBXBuildFile; fileRef = A8A670FC2E1EA5720017F98B /* OnBoardingView.swift */; };
		A8A670FE2E1EA5780017F98B /* OnBoardingView.swift in Sources */ = {isa = PBXBuildFile; fileRef = A8A670FC2E1EA5720017F98B /* OnBoardingView.swift */; };
		A8A671002E1EA5800017F98B /* OnBoardingViewController.swift in Sources */ = {isa = PBXBuildFile; fileRef = A8A670FF2E1EA57B0017F98B /* OnBoardingViewController.swift */; };
		A8A671012E1EA5800017F98B /* OnBoardingViewController.swift in Sources */ = {isa = PBXBuildFile; fileRef = A8A670FF2E1EA57B0017F98B /* OnBoardingViewController.swift */; };
		A8A671032E1EA5B30017F98B /* CustomPageControl.swift in Sources */ = {isa = PBXBuildFile; fileRef = A8A671022E1EA5AF0017F98B /* CustomPageControl.swift */; };
		A8A671042E1EA5B30017F98B /* CustomPageControl.swift in Sources */ = {isa = PBXBuildFile; fileRef = A8A671022E1EA5AF0017F98B /* CustomPageControl.swift */; };
		A8A671062E1EA5BB0017F98B /* OnBoardingCell.swift in Sources */ = {isa = PBXBuildFile; fileRef = A8A671052E1EA5B70017F98B /* OnBoardingCell.swift */; };
		A8A671072E1EA5BB0017F98B /* OnBoardingCell.swift in Sources */ = {isa = PBXBuildFile; fileRef = A8A671052E1EA5B70017F98B /* OnBoardingCell.swift */; };
		A8A671172E1EA7CC0017F98B /* WelcomeModel.swift in Sources */ = {isa = PBXBuildFile; fileRef = A8A671162E1EA7C90017F98B /* WelcomeModel.swift */; };
		A8A671182E1EA7CC0017F98B /* WelcomeModel.swift in Sources */ = {isa = PBXBuildFile; fileRef = A8A671162E1EA7C90017F98B /* WelcomeModel.swift */; };
		A8A6711B2E1EA8480017F98B /* OnBoardingViewModel.swift in Sources */ = {isa = PBXBuildFile; fileRef = A8A6711A2E1EA8420017F98B /* OnBoardingViewModel.swift */; };
		A8A6711C2E1EA8480017F98B /* OnBoardingViewModel.swift in Sources */ = {isa = PBXBuildFile; fileRef = A8A6711A2E1EA8420017F98B /* OnBoardingViewModel.swift */; };
/* End PBXBuildFile section */

/* Begin PBXContainerItemProxy section */
		272362E92DF830B300C16E5E /* PBXContainerItemProxy */ = {
			isa = PBXContainerItemProxy;
			containerPortal = 272362CA2DF830B100C16E5E /* Project object */;
			proxyType = 1;
			remoteGlobalIDString = 272362D12DF830B100C16E5E;
			remoteInfo = BicolScubaDiving;
		};
		272362F32DF830B300C16E5E /* PBXContainerItemProxy */ = {
			isa = PBXContainerItemProxy;
			containerPortal = 272362CA2DF830B100C16E5E /* Project object */;
			proxyType = 1;
			remoteGlobalIDString = 272362D12DF830B100C16E5E;
			remoteInfo = BicolScubaDiving;
		};
/* End PBXContainerItemProxy section */

/* Begin PBXFileReference section */
		272362D22DF830B100C16E5E /* BicolScubaDiving_Prod.app */ = {isa = PBXFileReference; explicitFileType = wrapper.application; includeInIndex = 0; path = BicolScubaDiving_Prod.app; sourceTree = BUILT_PRODUCTS_DIR; };
		272362E82DF830B300C16E5E /* BicolScubaDivingTests.xctest */ = {isa = PBXFileReference; explicitFileType = wrapper.cfbundle; includeInIndex = 0; path = BicolScubaDivingTests.xctest; sourceTree = BUILT_PRODUCTS_DIR; };
		272362F22DF830B300C16E5E /* BicolScubaDivingUITests.xctest */ = {isa = PBXFileReference; explicitFileType = wrapper.cfbundle; includeInIndex = 0; path = BicolScubaDivingUITests.xctest; sourceTree = BUILT_PRODUCTS_DIR; };
		27EA802A2DF83B3300D8CC31 /* Assets.xcassets */ = {isa = PBXFileReference; lastKnownFileType = folder.assetcatalog; path = Assets.xcassets; sourceTree = "<group>"; };
		27EA802D2DF83B3300D8CC31 /* Base */ = {isa = PBXFileReference; lastKnownFileType = file.storyboard; name = Base; path = Base.lproj/LaunchScreen.storyboard; sourceTree = "<group>"; };
		27EA802F2DF83B3300D8CC31 /* Base */ = {isa = PBXFileReference; lastKnownFileType = file.storyboard; name = Base; path = Base.lproj/Main.storyboard; sourceTree = "<group>"; };
		27EA80392DF83B3300D8CC31 /* AppDelegate.swift */ = {isa = PBXFileReference; lastKnownFileType = sourcecode.swift; path = AppDelegate.swift; sourceTree = "<group>"; };
		27EA803B2DF83B3300D8CC31 /* SceneDelegate.swift */ = {isa = PBXFileReference; lastKnownFileType = sourcecode.swift; path = SceneDelegate.swift; sourceTree = "<group>"; };
		27EA80432DF83D7500D8CC31 /* LoginViewController.swift */ = {isa = PBXFileReference; lastKnownFileType = sourcecode.swift; path = LoginViewController.swift; sourceTree = "<group>"; };
		27EA80522DF83E1D00D8CC31 /* BicolScubaDiving_Dev.app */ = {isa = PBXFileReference; explicitFileType = wrapper.application; includeInIndex = 0; path = BicolScubaDiving_Dev.app; sourceTree = BUILT_PRODUCTS_DIR; };
		27EA805C2DF850AA00D8CC31 /* AppConstant.swift */ = {isa = PBXFileReference; lastKnownFileType = sourcecode.swift; path = AppConstant.swift; sourceTree = "<group>"; };
		27EA80822DF86D6800D8CC31 /* LoginView.swift */ = {isa = PBXFileReference; lastKnownFileType = sourcecode.swift; path = LoginView.swift; sourceTree = "<group>"; };
		27EA80882DF86EC600D8CC31 /* LoginViewModel.swift */ = {isa = PBXFileReference; lastKnownFileType = sourcecode.swift; path = LoginViewModel.swift; sourceTree = "<group>"; };
		27EA808B2DF87B8B00D8CC31 /* SplashViewController.swift */ = {isa = PBXFileReference; lastKnownFileType = sourcecode.swift; path = SplashViewController.swift; sourceTree = "<group>"; };
		27EA80B52DF87D4D00D8CC31 /* SocialAuthManager.swift */ = {isa = PBXFileReference; lastKnownFileType = sourcecode.swift; path = SocialAuthManager.swift; sourceTree = "<group>"; };
		27EA80BE2DF990F100D8CC31 /* CryptoUtils.swift */ = {isa = PBXFileReference; lastKnownFileType = sourcecode.swift; path = CryptoUtils.swift; sourceTree = "<group>"; };
		27EA81962E09144900D8CC31 /* CustomTextField.swift */ = {isa = PBXFileReference; lastKnownFileType = sourcecode.swift; path = CustomTextField.swift; sourceTree = "<group>"; };
		27EA819A2E09160300D8CC31 /* ExtensionColor.swift */ = {isa = PBXFileReference; lastKnownFileType = sourcecode.swift; path = ExtensionColor.swift; sourceTree = "<group>"; };
		27EA819E2E091B9000D8CC31 /* Roboto-Bold.ttf */ = {isa = PBXFileReference; lastKnownFileType = file; path = "Roboto-Bold.ttf"; sourceTree = "<group>"; };
		27EA819F2E091B9000D8CC31 /* Roboto-Light.ttf */ = {isa = PBXFileReference; lastKnownFileType = file; path = "Roboto-Light.ttf"; sourceTree = "<group>"; };
		27EA81A02E091B9000D8CC31 /* Roboto-Medium.ttf */ = {isa = PBXFileReference; lastKnownFileType = file; path = "Roboto-Medium.ttf"; sourceTree = "<group>"; };
		27EA81A12E091B9000D8CC31 /* Roboto-Regular.ttf */ = {isa = PBXFileReference; lastKnownFileType = file; path = "Roboto-Regular.ttf"; sourceTree = "<group>"; };
		27EA81AA2E091CDE00D8CC31 /* ExtensionFont.swift */ = {isa = PBXFileReference; lastKnownFileType = sourcecode.swift; path = ExtensionFont.swift; sourceTree = "<group>"; };
		27EA81AD2E0920D900D8CC31 /* CustomButton.swift */ = {isa = PBXFileReference; lastKnownFileType = sourcecode.swift; path = CustomButton.swift; sourceTree = "<group>"; };
		27EA81C02E0981EB00D8CC31 /* ExtensionAttributeString.swift */ = {isa = PBXFileReference; lastKnownFileType = sourcecode.swift; path = ExtensionAttributeString.swift; sourceTree = "<group>"; };
		27EA81C32E09821000D8CC31 /* ExtensionString.swift */ = {isa = PBXFileReference; lastKnownFileType = sourcecode.swift; path = ExtensionString.swift; sourceTree = "<group>"; };
		27EA81C62E09863D00D8CC31 /* ExtensionButton.swift */ = {isa = PBXFileReference; lastKnownFileType = sourcecode.swift; path = ExtensionButton.swift; sourceTree = "<group>"; };
		27EA82E52E1E8F5800D8CC31 /* MainTabBarController.swift */ = {isa = PBXFileReference; lastKnownFileType = sourcecode.swift; path = MainTabBarController.swift; sourceTree = "<group>"; };
		27EA82E82E1E8F9C00D8CC31 /* TabBarViewModel.swift */ = {isa = PBXFileReference; lastKnownFileType = sourcecode.swift; path = TabBarViewModel.swift; sourceTree = "<group>"; };
		27EA82ED2E1E901500D8CC31 /* HomeView.swift */ = {isa = PBXFileReference; lastKnownFileType = sourcecode.swift; path = HomeView.swift; sourceTree = "<group>"; };
		27EA82F02E1E902400D8CC31 /* HomeViewController.swift */ = {isa = PBXFileReference; lastKnownFileType = sourcecode.swift; path = HomeViewController.swift; sourceTree = "<group>"; };
		27EA82F52E1E904900D8CC31 /* PackageView.swift */ = {isa = PBXFileReference; lastKnownFileType = sourcecode.swift; path = PackageView.swift; sourceTree = "<group>"; };
		27EA82F82E1E905400D8CC31 /* PackageViewController.swift */ = {isa = PBXFileReference; lastKnownFileType = sourcecode.swift; path = PackageViewController.swift; sourceTree = "<group>"; };
		27EA82FD2E1E907700D8CC31 /* ProfileView.swift */ = {isa = PBXFileReference; lastKnownFileType = sourcecode.swift; path = ProfileView.swift; sourceTree = "<group>"; };
		27EA83002E1E908500D8CC31 /* ProfileViewController.swift */ = {isa = PBXFileReference; lastKnownFileType = sourcecode.swift; path = ProfileViewController.swift; sourceTree = "<group>"; };
		27EA83052E1E909C00D8CC31 /* ReservationViewController.swift */ = {isa = PBXFileReference; lastKnownFileType = sourcecode.swift; path = ReservationViewController.swift; sourceTree = "<group>"; };
		27EA83082E1E90A800D8CC31 /* ReservationView.swift */ = {isa = PBXFileReference; lastKnownFileType = sourcecode.swift; path = ReservationView.swift; sourceTree = "<group>"; };
		27EA831F2E1E931800D8CC31 /* TabItem.swift */ = {isa = PBXFileReference; lastKnownFileType = sourcecode.swift; path = TabItem.swift; sourceTree = "<group>"; };
		A84AAB4E2E23736500B5139B /* ProfileModel.swift */ = {isa = PBXFileReference; lastKnownFileType = sourcecode.swift; path = ProfileModel.swift; sourceTree = "<group>"; };
		A84AAB512E23736E00B5139B /* ProfileViewModel.swift */ = {isa = PBXFileReference; lastKnownFileType = sourcecode.swift; path = ProfileViewModel.swift; sourceTree = "<group>"; };
		A84AAB542E23747F00B5139B /* ProfileTableViewCell.swift */ = {isa = PBXFileReference; lastKnownFileType = sourcecode.swift; path = ProfileTableViewCell.swift; sourceTree = "<group>"; };
		A84AABF32E2A631600B5139B /* PersonalInformationModel.swift */ = {isa = PBXFileReference; lastKnownFileType = sourcecode.swift; path = PersonalInformationModel.swift; sourceTree = "<group>"; };
		A84AABF62E2A632F00B5139B /* PersonalInformationViewModel.swift */ = {isa = PBXFileReference; lastKnownFileType = sourcecode.swift; path = PersonalInformationViewModel.swift; sourceTree = "<group>"; };
		A84AABFC2E2A638000B5139B /* PersonalInformationView.swift */ = {isa = PBXFileReference; lastKnownFileType = sourcecode.swift; path = PersonalInformationView.swift; sourceTree = "<group>"; };
		A84AABFF2E2A638B00B5139B /* PersonalInformationViewController.swift */ = {isa = PBXFileReference; lastKnownFileType = sourcecode.swift; path = PersonalInformationViewController.swift; sourceTree = "<group>"; };
		A8A6705D2E1293EB0017F98B /* SignUpView.swift */ = {isa = PBXFileReference; lastKnownFileType = sourcecode.swift; path = SignUpView.swift; sourceTree = "<group>"; };
		A8A670602E1293F20017F98B /* SignUpViewController.swift */ = {isa = PBXFileReference; lastKnownFileType = sourcecode.swift; path = SignUpViewController.swift; sourceTree = "<group>"; };
		A8A670632E1294050017F98B /* SignUpViewModel.swift */ = {isa = PBXFileReference; lastKnownFileType = sourcecode.swift; path = SignUpViewModel.swift; sourceTree = "<group>"; };
		A8A670662E16D3A20017F98B /* ExtensionNSAttributedString.swift */ = {isa = PBXFileReference; lastKnownFileType = sourcecode.swift; path = ExtensionNSAttributedString.swift; sourceTree = "<group>"; };
		A8A670FC2E1EA5720017F98B /* OnBoardingView.swift */ = {isa = PBXFileReference; lastKnownFileType = sourcecode.swift; path = OnBoardingView.swift; sourceTree = "<group>"; };
		A8A670FF2E1EA57B0017F98B /* OnBoardingViewController.swift */ = {isa = PBXFileReference; lastKnownFileType = sourcecode.swift; path = OnBoardingViewController.swift; sourceTree = "<group>"; };
		A8A671022E1EA5AF0017F98B /* CustomPageControl.swift */ = {isa = PBXFileReference; lastKnownFileType = sourcecode.swift; path = CustomPageControl.swift; sourceTree = "<group>"; };
		A8A671052E1EA5B70017F98B /* OnBoardingCell.swift */ = {isa = PBXFileReference; lastKnownFileType = sourcecode.swift; path = OnBoardingCell.swift; sourceTree = "<group>"; };
		A8A671162E1EA7C90017F98B /* WelcomeModel.swift */ = {isa = PBXFileReference; lastKnownFileType = sourcecode.swift; path = WelcomeModel.swift; sourceTree = "<group>"; };
		A8A6711A2E1EA8420017F98B /* OnBoardingViewModel.swift */ = {isa = PBXFileReference; lastKnownFileType = sourcecode.swift; path = OnBoardingViewModel.swift; sourceTree = "<group>"; };
/* End PBXFileReference section */

/* Begin PBXFileSystemSynchronizedBuildFileExceptionSet section */
		27EA81092E0033EA00D8CC31 /* Exceptions for "Configuration" folder in "BicolScubaDiving_Prod" target */ = {
			isa = PBXFileSystemSynchronizedBuildFileExceptionSet;
			membershipExceptions = (
				Plists/Info.plist,
			);
			target = 272362D12DF830B100C16E5E /* BicolScubaDiving_Prod */;
		};
		27EA810A2E0033EA00D8CC31 /* Exceptions for "Configuration" folder in "BicolScubaDiving_Dev" target */ = {
			isa = PBXFileSystemSynchronizedBuildFileExceptionSet;
			membershipExceptions = (
				Plists/Info.plist,
			);
			target = 27EA80452DF83E1D00D8CC31 /* BicolScubaDiving_Dev */;
		};
/* End PBXFileSystemSynchronizedBuildFileExceptionSet section */

/* Begin PBXFileSystemSynchronizedRootGroup section */
		272362EB2DF830B300C16E5E /* BicolScubaDivingTests */ = {
			isa = PBXFileSystemSynchronizedRootGroup;
			path = BicolScubaDivingTests;
			sourceTree = "<group>";
		};
		272362F52DF830B300C16E5E /* BicolScubaDivingUITests */ = {
			isa = PBXFileSystemSynchronizedRootGroup;
			path = BicolScubaDivingUITests;
			sourceTree = "<group>";
		};
		27EA80542DF83FFA00D8CC31 /* Configuration */ = {
			isa = PBXFileSystemSynchronizedRootGroup;
			exceptions = (
				27EA81092E0033EA00D8CC31 /* Exceptions for "Configuration" folder in "BicolScubaDiving_Prod" target */,
				27EA810A2E0033EA00D8CC31 /* Exceptions for "Configuration" folder in "BicolScubaDiving_Dev" target */,
			);
			path = Configuration;
			sourceTree = "<group>";
		};
/* End PBXFileSystemSynchronizedRootGroup section */

/* Begin PBXFrameworksBuildPhase section */
		272362CF2DF830B100C16E5E /* Frameworks */ = {
			isa = PBXFrameworksBuildPhase;
			buildActionMask = 2147483647;
			files = (
				27EA807D2DF856CE00D8CC31 /* IQKeyboardManagerSwift in Frameworks */,
				27EA80752DF856A700D8CC31 /* Kingfisher in Frameworks */,
				27EA80792DF856B200D8CC31 /* FirebaseAuth in Frameworks */,
				27EA80732DF856A400D8CC31 /* SwiftyJSON in Frameworks */,
				27EA80772DF856AD00D8CC31 /* FirebaseAnalytics in Frameworks */,
				27EA807B2DF856B700D8CC31 /* FirebaseCore in Frameworks */,
				27EA80712DF856A000D8CC31 /* SnapKit in Frameworks */,
				27EA807F2DF856DA00D8CC31 /* FirebaseRemoteConfig in Frameworks */,
				27EA80BA2DF87EBF00D8CC31 /* GoogleSignIn in Frameworks */,
			);
			runOnlyForDeploymentPostprocessing = 0;
		};
		272362E52DF830B300C16E5E /* Frameworks */ = {
			isa = PBXFrameworksBuildPhase;
			buildActionMask = 2147483647;
			files = (
			);
			runOnlyForDeploymentPostprocessing = 0;
		};
		272362EF2DF830B300C16E5E /* Frameworks */ = {
			isa = PBXFrameworksBuildPhase;
			buildActionMask = 2147483647;
			files = (
			);
			runOnlyForDeploymentPostprocessing = 0;
		};
		27EA804A2DF83E1D00D8CC31 /* Frameworks */ = {
			isa = PBXFrameworksBuildPhase;
			buildActionMask = 2147483647;
			files = (
				27EA806D2DF8567300D8CC31 /* FirebaseAnalytics in Frameworks */,
				27EA80652DF8563400D8CC31 /* Kingfisher in Frameworks */,
				27EA80672DF8564200D8CC31 /* IQKeyboardManagerSwift in Frameworks */,
				27EA80632DF8563000D8CC31 /* SwiftyJSON in Frameworks */,
				27EA80612DF8562B00D8CC31 /* SnapKit in Frameworks */,
				27EA806B2DF8566300D8CC31 /* FirebaseCore in Frameworks */,
				27EA80692DF8565A00D8CC31 /* FirebaseRemoteConfig in Frameworks */,
				27EA806F2DF8568C00D8CC31 /* FirebaseAuth in Frameworks */,
				27EA80BC2DF9904F00D8CC31 /* GoogleSignIn in Frameworks */,
			);
			runOnlyForDeploymentPostprocessing = 0;
		};
/* End PBXFrameworksBuildPhase section */

/* Begin PBXGroup section */
		272362C92DF830B100C16E5E = {
			isa = PBXGroup;
			children = (
				27EA803C2DF83B3300D8CC31 /* BicolScubaDiving */,
				272362EB2DF830B300C16E5E /* BicolScubaDivingTests */,
				272362F52DF830B300C16E5E /* BicolScubaDivingUITests */,
				27EA805F2DF8562B00D8CC31 /* Frameworks */,
				272362D32DF830B100C16E5E /* Products */,
			);
			sourceTree = "<group>";
		};
		272362D32DF830B100C16E5E /* Products */ = {
			isa = PBXGroup;
			children = (
				272362D22DF830B100C16E5E /* BicolScubaDiving_Prod.app */,
				272362E82DF830B300C16E5E /* BicolScubaDivingTests.xctest */,
				272362F22DF830B300C16E5E /* BicolScubaDivingUITests.xctest */,
				27EA80522DF83E1D00D8CC31 /* BicolScubaDiving_Dev.app */,
			);
			name = Products;
			sourceTree = "<group>";
		};
		27EA80272DF83B3300D8CC31 /* Constants */ = {
			isa = PBXGroup;
			children = (
				27EA805C2DF850AA00D8CC31 /* AppConstant.swift */,
			);
			path = Constants;
			sourceTree = "<group>";
		};
		27EA802B2DF83B3300D8CC31 /* Images */ = {
			isa = PBXGroup;
			children = (
				27EA802A2DF83B3300D8CC31 /* Assets.xcassets */,
			);
			path = Images;
			sourceTree = "<group>";
		};
		27EA802C2DF83B3300D8CC31 /* Resources */ = {
			isa = PBXGroup;
			children = (
				27EA819D2E091B7D00D8CC31 /* Fonts */,
				27EA802B2DF83B3300D8CC31 /* Images */,
			);
			path = Resources;
			sourceTree = "<group>";
		};
		27EA80312DF83B3300D8CC31 /* Storyboard */ = {
			isa = PBXGroup;
			children = (
				27EA802E2DF83B3300D8CC31 /* LaunchScreen.storyboard */,
				27EA80302DF83B3300D8CC31 /* Main.storyboard */,
			);
			path = Storyboard;
			sourceTree = "<group>";
		};
		27EA80322DF83B3300D8CC31 /* View Models */ = {
			isa = PBXGroup;
			children = (
				A84AAB512E23736E00B5139B /* ProfileViewModel.swift */,
				A84AABF62E2A632F00B5139B /* PersonalInformationViewModel.swift */,
				A8A6711A2E1EA8420017F98B /* OnBoardingViewModel.swift */,
				27EA82E82E1E8F9C00D8CC31 /* TabBarViewModel.swift */,
				A8A670632E1294050017F98B /* SignUpViewModel.swift */,
				27EA80882DF86EC600D8CC31 /* LoginViewModel.swift */,
			);
			path = "View Models";
			sourceTree = "<group>";
		};
		27EA80332DF83B3300D8CC31 /* Login */ = {
			isa = PBXGroup;
			children = (
				27EA80812DF86D5D00D8CC31 /* View */,
				27EA80802DF86D5000D8CC31 /* Controller */,
			);
			path = Login;
			sourceTree = "<group>";
		};
		27EA80362DF83B3300D8CC31 /* Splash */ = {
			isa = PBXGroup;
			children = (
				27EA808B2DF87B8B00D8CC31 /* SplashViewController.swift */,
			);
			path = Splash;
			sourceTree = "<group>";
		};
		27EA80382DF83B3300D8CC31 /* Views */ = {
			isa = PBXGroup;
			children = (
				A84AABF92E2A634300B5139B /* Personal Information */,
				A8A670F92E1EA5430017F98B /* Welcome */,
				27EA82E42E1E8EDF00D8CC31 /* MainTabBar */,
				27EA82E22E1E8EBE00D8CC31 /* Home */,
				27EA80332DF83B3300D8CC31 /* Login */,
				27EA82E02E1E8EA900D8CC31 /* Packages */,
				27EA82E12E1E8EAF00D8CC31 /* Profile */,
				27EA82E32E1E8ED000D8CC31 /* Reservations */,
				27EA81952E09143B00D8CC31 /* Reusable Component */,
				A8A6705A2E1293D60017F98B /* SignUp */,
				27EA80362DF83B3300D8CC31 /* Splash */,
			);
			path = Views;
			sourceTree = "<group>";
		};
		27EA803C2DF83B3300D8CC31 /* BicolScubaDiving */ = {
			isa = PBXGroup;
			children = (
				27EA80BD2DF990EB00D8CC31 /* Utilities */,
				27EA80542DF83FFA00D8CC31 /* Configuration */,
				27EA80272DF83B3300D8CC31 /* Constants */,
				27EA802C2DF83B3300D8CC31 /* Resources */,
				27EA80312DF83B3300D8CC31 /* Storyboard */,
				27EA81992E0915BF00D8CC31 /* Extensions */,
				27EA80B42DF87D3100D8CC31 /* Managers */,
				27EA831E2E1E930E00D8CC31 /* Models */,
				27EA80322DF83B3300D8CC31 /* View Models */,
				27EA80382DF83B3300D8CC31 /* Views */,
				27EA80392DF83B3300D8CC31 /* AppDelegate.swift */,
				27EA803B2DF83B3300D8CC31 /* SceneDelegate.swift */,
			);
			path = BicolScubaDiving;
			sourceTree = "<group>";
		};
		27EA805F2DF8562B00D8CC31 /* Frameworks */ = {
			isa = PBXGroup;
			children = (
			);
			name = Frameworks;
			sourceTree = "<group>";
		};
		27EA80802DF86D5000D8CC31 /* Controller */ = {
			isa = PBXGroup;
			children = (
				27EA80432DF83D7500D8CC31 /* LoginViewController.swift */,
			);
			path = Controller;
			sourceTree = "<group>";
		};
		27EA80812DF86D5D00D8CC31 /* View */ = {
			isa = PBXGroup;
			children = (
				27EA80822DF86D6800D8CC31 /* LoginView.swift */,
			);
			path = View;
			sourceTree = "<group>";
		};
		27EA80B42DF87D3100D8CC31 /* Managers */ = {
			isa = PBXGroup;
			children = (
				27EA80B52DF87D4D00D8CC31 /* SocialAuthManager.swift */,
			);
			path = Managers;
			sourceTree = "<group>";
		};
		27EA80BD2DF990EB00D8CC31 /* Utilities */ = {
			isa = PBXGroup;
			children = (
				27EA80BE2DF990F100D8CC31 /* CryptoUtils.swift */,
			);
			path = Utilities;
			sourceTree = "<group>";
		};
		27EA81952E09143B00D8CC31 /* Reusable Component */ = {
			isa = PBXGroup;
			children = (
				27EA81AD2E0920D900D8CC31 /* CustomButton.swift */,
				27EA81962E09144900D8CC31 /* CustomTextField.swift */,
			);
			path = "Reusable Component";
			sourceTree = "<group>";
		};
		27EA81992E0915BF00D8CC31 /* Extensions */ = {
			isa = PBXGroup;
			children = (
				A8A670662E16D3A20017F98B /* ExtensionNSAttributedString.swift */,
				27EA81C62E09863D00D8CC31 /* ExtensionButton.swift */,
				27EA81C32E09821000D8CC31 /* ExtensionString.swift */,
				27EA81C02E0981EB00D8CC31 /* ExtensionAttributeString.swift */,
				27EA81AA2E091CDE00D8CC31 /* ExtensionFont.swift */,
				27EA819A2E09160300D8CC31 /* ExtensionColor.swift */,
			);
			path = Extensions;
			sourceTree = "<group>";
		};
		27EA819D2E091B7D00D8CC31 /* Fonts */ = {
			isa = PBXGroup;
			children = (
				27EA819E2E091B9000D8CC31 /* Roboto-Bold.ttf */,
				27EA819F2E091B9000D8CC31 /* Roboto-Light.ttf */,
				27EA81A02E091B9000D8CC31 /* Roboto-Medium.ttf */,
				27EA81A12E091B9000D8CC31 /* Roboto-Regular.ttf */,
			);
			path = Fonts;
			sourceTree = "<group>";
		};
		27EA82E02E1E8EA900D8CC31 /* Packages */ = {
			isa = PBXGroup;
			children = (
				27EA82F42E1E903900D8CC31 /* Controller */,
				27EA82F32E1E903000D8CC31 /* VIew */,
			);
			path = Packages;
			sourceTree = "<group>";
		};
		27EA82E12E1E8EAF00D8CC31 /* Profile */ = {
			isa = PBXGroup;
			children = (
				27EA82FC2E1E906100D8CC31 /* Controller */,
				27EA82FB2E1E905C00D8CC31 /* View */,
			);
			path = Profile;
			sourceTree = "<group>";
		};
		27EA82E22E1E8EBE00D8CC31 /* Home */ = {
			isa = PBXGroup;
			children = (
				27EA82EC2E1E900300D8CC31 /* Controller */,
				27EA82EB2E1E8FFD00D8CC31 /* View */,
			);
			path = Home;
			sourceTree = "<group>";
		};
		27EA82E32E1E8ED000D8CC31 /* Reservations */ = {
			isa = PBXGroup;
			children = (
				27EA83042E1E908D00D8CC31 /* Controller */,
				27EA83032E1E908900D8CC31 /* View */,
			);
			path = Reservations;
			sourceTree = "<group>";
		};
		27EA82E42E1E8EDF00D8CC31 /* MainTabBar */ = {
			isa = PBXGroup;
			children = (
				27EA82E52E1E8F5800D8CC31 /* MainTabBarController.swift */,
			);
			path = MainTabBar;
			sourceTree = "<group>";
		};
		27EA82EB2E1E8FFD00D8CC31 /* View */ = {
			isa = PBXGroup;
			children = (
				27EA82ED2E1E901500D8CC31 /* HomeView.swift */,
			);
			path = View;
			sourceTree = "<group>";
		};
		27EA82EC2E1E900300D8CC31 /* Controller */ = {
			isa = PBXGroup;
			children = (
				27EA82F02E1E902400D8CC31 /* HomeViewController.swift */,
			);
			path = Controller;
			sourceTree = "<group>";
		};
		27EA82F32E1E903000D8CC31 /* VIew */ = {
			isa = PBXGroup;
			children = (
				27EA82F52E1E904900D8CC31 /* PackageView.swift */,
			);
			path = VIew;
			sourceTree = "<group>";
		};
		27EA82F42E1E903900D8CC31 /* Controller */ = {
			isa = PBXGroup;
			children = (
				27EA82F82E1E905400D8CC31 /* PackageViewController.swift */,
			);
			path = Controller;
			sourceTree = "<group>";
		};
		27EA82FB2E1E905C00D8CC31 /* View */ = {
			isa = PBXGroup;
			children = (
				A84AAB542E23747F00B5139B /* ProfileTableViewCell.swift */,
				27EA82FD2E1E907700D8CC31 /* ProfileView.swift */,
			);
			path = View;
			sourceTree = "<group>";
		};
		27EA82FC2E1E906100D8CC31 /* Controller */ = {
			isa = PBXGroup;
			children = (
				27EA83002E1E908500D8CC31 /* ProfileViewController.swift */,
			);
			path = Controller;
			sourceTree = "<group>";
		};
		27EA83032E1E908900D8CC31 /* View */ = {
			isa = PBXGroup;
			children = (
				27EA83082E1E90A800D8CC31 /* ReservationView.swift */,
			);
			path = View;
			sourceTree = "<group>";
		};
		27EA83042E1E908D00D8CC31 /* Controller */ = {
			isa = PBXGroup;
			children = (
				27EA83052E1E909C00D8CC31 /* ReservationViewController.swift */,
			);
			path = Controller;
			sourceTree = "<group>";
		};
		27EA831E2E1E930E00D8CC31 /* Models */ = {
			isa = PBXGroup;
			children = (
				A84AAB4E2E23736500B5139B /* ProfileModel.swift */,
				A84AABF32E2A631600B5139B /* PersonalInformationModel.swift */,
				A8A671162E1EA7C90017F98B /* WelcomeModel.swift */,
				27EA831F2E1E931800D8CC31 /* TabItem.swift */,
			);
			path = Models;
			sourceTree = "<group>";
		};
		A84AABF92E2A634300B5139B /* Personal Information */ = {
			isa = PBXGroup;
			children = (
				A84AABFB2E2A635300B5139B /* Controller */,
				A84AABFA2E2A634E00B5139B /* View */,
			);
			path = "Personal Information";
			sourceTree = "<group>";
		};
		A84AABFA2E2A634E00B5139B /* View */ = {
			isa = PBXGroup;
			children = (
				A84AABFC2E2A638000B5139B /* PersonalInformationView.swift */,
			);
			path = View;
			sourceTree = "<group>";
		};
		A84AABFB2E2A635300B5139B /* Controller */ = {
			isa = PBXGroup;
			children = (
				A84AABFF2E2A638B00B5139B /* PersonalInformationViewController.swift */,
			);
			path = Controller;
			sourceTree = "<group>";
		};
		A8A6705A2E1293D60017F98B /* SignUp */ = {
			isa = PBXGroup;
			children = (
				A8A6705C2E1293E20017F98B /* ViewController */,
				A8A6705B2E1293DC0017F98B /* View */,
			);
			path = SignUp;
			sourceTree = "<group>";
		};
		A8A6705B2E1293DC0017F98B /* View */ = {
			isa = PBXGroup;
			children = (
				A8A6705D2E1293EB0017F98B /* SignUpView.swift */,
			);
			path = View;
			sourceTree = "<group>";
		};
		A8A6705C2E1293E20017F98B /* ViewController */ = {
			isa = PBXGroup;
			children = (
				A8A670602E1293F20017F98B /* SignUpViewController.swift */,
			);
			path = ViewController;
			sourceTree = "<group>";
		};
		A8A670F92E1EA5430017F98B /* Welcome */ = {
			isa = PBXGroup;
			children = (
				A8A670FB2E1EA5620017F98B /* Controller */,
				A8A670FA2E1EA55A0017F98B /* View */,
			);
			path = Welcome;
			sourceTree = "<group>";
		};
		A8A670FA2E1EA55A0017F98B /* View */ = {
			isa = PBXGroup;
			children = (
				A8A671052E1EA5B70017F98B /* OnBoardingCell.swift */,
				A8A671022E1EA5AF0017F98B /* CustomPageControl.swift */,
				A8A670FC2E1EA5720017F98B /* OnBoardingView.swift */,
			);
			path = View;
			sourceTree = "<group>";
		};
		A8A670FB2E1EA5620017F98B /* Controller */ = {
			isa = PBXGroup;
			children = (
				A8A670FF2E1EA57B0017F98B /* OnBoardingViewController.swift */,
			);
			path = Controller;
			sourceTree = "<group>";
		};
/* End PBXGroup section */

/* Begin PBXNativeTarget section */
		272362D12DF830B100C16E5E /* BicolScubaDiving_Prod */ = {
			isa = PBXNativeTarget;
			buildConfigurationList = 272362FB2DF830B300C16E5E /* Build configuration list for PBXNativeTarget "BicolScubaDiving_Prod" */;
			buildPhases = (
				272362CE2DF830B100C16E5E /* Sources */,
				272362CF2DF830B100C16E5E /* Frameworks */,
				272362D02DF830B100C16E5E /* Resources */,
			);
			buildRules = (
			);
			dependencies = (
			);
			fileSystemSynchronizedGroups = (
				27EA80542DF83FFA00D8CC31 /* Configuration */,
			);
			name = BicolScubaDiving_Prod;
			packageProductDependencies = (
				27EA80702DF856A000D8CC31 /* SnapKit */,
				27EA80722DF856A400D8CC31 /* SwiftyJSON */,
				27EA80742DF856A700D8CC31 /* Kingfisher */,
				27EA80762DF856AD00D8CC31 /* FirebaseAnalytics */,
				27EA80782DF856B200D8CC31 /* FirebaseAuth */,
				27EA807A2DF856B700D8CC31 /* FirebaseCore */,
				27EA807C2DF856CE00D8CC31 /* IQKeyboardManagerSwift */,
				27EA807E2DF856DA00D8CC31 /* FirebaseRemoteConfig */,
				27EA80B92DF87EBF00D8CC31 /* GoogleSignIn */,
			);
			productName = BicolScubaDiving;
			productReference = 272362D22DF830B100C16E5E /* BicolScubaDiving_Prod.app */;
			productType = "com.apple.product-type.application";
		};
		272362E72DF830B300C16E5E /* BicolScubaDivingTests */ = {
			isa = PBXNativeTarget;
			buildConfigurationList = 272363002DF830B300C16E5E /* Build configuration list for PBXNativeTarget "BicolScubaDivingTests" */;
			buildPhases = (
				272362E42DF830B300C16E5E /* Sources */,
				272362E52DF830B300C16E5E /* Frameworks */,
				272362E62DF830B300C16E5E /* Resources */,
			);
			buildRules = (
			);
			dependencies = (
				272362EA2DF830B300C16E5E /* PBXTargetDependency */,
			);
			fileSystemSynchronizedGroups = (
				272362EB2DF830B300C16E5E /* BicolScubaDivingTests */,
			);
			name = BicolScubaDivingTests;
			packageProductDependencies = (
			);
			productName = BicolScubaDivingTests;
			productReference = 272362E82DF830B300C16E5E /* BicolScubaDivingTests.xctest */;
			productType = "com.apple.product-type.bundle.unit-test";
		};
		272362F12DF830B300C16E5E /* BicolScubaDivingUITests */ = {
			isa = PBXNativeTarget;
			buildConfigurationList = 272363032DF830B300C16E5E /* Build configuration list for PBXNativeTarget "BicolScubaDivingUITests" */;
			buildPhases = (
				272362EE2DF830B300C16E5E /* Sources */,
				272362EF2DF830B300C16E5E /* Frameworks */,
				272362F02DF830B300C16E5E /* Resources */,
			);
			buildRules = (
			);
			dependencies = (
				272362F42DF830B300C16E5E /* PBXTargetDependency */,
			);
			fileSystemSynchronizedGroups = (
				272362F52DF830B300C16E5E /* BicolScubaDivingUITests */,
			);
			name = BicolScubaDivingUITests;
			packageProductDependencies = (
			);
			productName = BicolScubaDivingUITests;
			productReference = 272362F22DF830B300C16E5E /* BicolScubaDivingUITests.xctest */;
			productType = "com.apple.product-type.bundle.ui-testing";
		};
		27EA80452DF83E1D00D8CC31 /* BicolScubaDiving_Dev */ = {
			isa = PBXNativeTarget;
			buildConfigurationList = 27EA804F2DF83E1D00D8CC31 /* Build configuration list for PBXNativeTarget "BicolScubaDiving_Dev" */;
			buildPhases = (
				27EA80462DF83E1D00D8CC31 /* Sources */,
				27EA804A2DF83E1D00D8CC31 /* Frameworks */,
				27EA804B2DF83E1D00D8CC31 /* Resources */,
			);
			buildRules = (
			);
			dependencies = (
			);
			fileSystemSynchronizedGroups = (
				27EA80542DF83FFA00D8CC31 /* Configuration */,
			);
			name = BicolScubaDiving_Dev;
			packageProductDependencies = (
				27EA80602DF8562B00D8CC31 /* SnapKit */,
				27EA80622DF8563000D8CC31 /* SwiftyJSON */,
				27EA80642DF8563400D8CC31 /* Kingfisher */,
				27EA80662DF8564200D8CC31 /* IQKeyboardManagerSwift */,
				27EA80682DF8565A00D8CC31 /* FirebaseRemoteConfig */,
				27EA806A2DF8566300D8CC31 /* FirebaseCore */,
				27EA806C2DF8567300D8CC31 /* FirebaseAnalytics */,
				27EA806E2DF8568C00D8CC31 /* FirebaseAuth */,
				27EA80BB2DF9904F00D8CC31 /* GoogleSignIn */,
			);
			productName = BicolScubaDiving;
			productReference = 27EA80522DF83E1D00D8CC31 /* BicolScubaDiving_Dev.app */;
			productType = "com.apple.product-type.application";
		};
/* End PBXNativeTarget section */

/* Begin PBXProject section */
		272362CA2DF830B100C16E5E /* Project object */ = {
			isa = PBXProject;
			attributes = {
				BuildIndependentTargetsInParallel = 1;
				LastSwiftUpdateCheck = 1620;
				LastUpgradeCheck = 1620;
				TargetAttributes = {
					272362D12DF830B100C16E5E = {
						CreatedOnToolsVersion = 16.2;
					};
					272362E72DF830B300C16E5E = {
						CreatedOnToolsVersion = 16.2;
						TestTargetID = 272362D12DF830B100C16E5E;
					};
					272362F12DF830B300C16E5E = {
						CreatedOnToolsVersion = 16.2;
						TestTargetID = 272362D12DF830B100C16E5E;
					};
				};
			};
			buildConfigurationList = 272362CD2DF830B100C16E5E /* Build configuration list for PBXProject "BicolScubaDiving" */;
			developmentRegion = en;
			hasScannedForEncodings = 0;
			knownRegions = (
				en,
				Base,
			);
			mainGroup = 272362C92DF830B100C16E5E;
			minimizedProjectReferenceProxies = 1;
			packageReferences = (
				272363632DF8363C00C16E5E /* XCRemoteSwiftPackageReference "SnapKit" */,
				272363642DF8365600C16E5E /* XCRemoteSwiftPackageReference "SwiftyJSON" */,
				272363652DF8366C00C16E5E /* XCRemoteSwiftPackageReference "Kingfisher" */,
				272363662DF836BD00C16E5E /* XCRemoteSwiftPackageReference "firebase-ios-sdk" */,
				272363672DF8372200C16E5E /* XCRemoteSwiftPackageReference "IQKeyboardManager" */,
				27EA80B82DF87E5F00D8CC31 /* XCRemoteSwiftPackageReference "GoogleSignIn-iOS" */,
			);
			preferredProjectObjectVersion = 77;
			productRefGroup = 272362D32DF830B100C16E5E /* Products */;
			projectDirPath = "";
			projectRoot = "";
			targets = (
				272362D12DF830B100C16E5E /* BicolScubaDiving_Prod */,
				27EA80452DF83E1D00D8CC31 /* BicolScubaDiving_Dev */,
				272362E72DF830B300C16E5E /* BicolScubaDivingTests */,
				272362F12DF830B300C16E5E /* BicolScubaDivingUITests */,
			);
		};
/* End PBXProject section */

/* Begin PBXResourcesBuildPhase section */
		272362D02DF830B100C16E5E /* Resources */ = {
			isa = PBXResourcesBuildPhase;
			buildActionMask = 2147483647;
			files = (
				27EA803D2DF83B3300D8CC31 /* Assets.xcassets in Resources */,
				27EA803E2DF83B3300D8CC31 /* LaunchScreen.storyboard in Resources */,
				27EA803F2DF83B3300D8CC31 /* Main.storyboard in Resources */,
				27EA81A22E091B9000D8CC31 /* Roboto-Light.ttf in Resources */,
				27EA81A32E091B9000D8CC31 /* Roboto-Medium.ttf in Resources */,
				27EA81A42E091B9000D8CC31 /* Roboto-Regular.ttf in Resources */,
				27EA81A52E091B9000D8CC31 /* Roboto-Bold.ttf in Resources */,
			);
			runOnlyForDeploymentPostprocessing = 0;
		};
		272362E62DF830B300C16E5E /* Resources */ = {
			isa = PBXResourcesBuildPhase;
			buildActionMask = 2147483647;
			files = (
			);
			runOnlyForDeploymentPostprocessing = 0;
		};
		272362F02DF830B300C16E5E /* Resources */ = {
			isa = PBXResourcesBuildPhase;
			buildActionMask = 2147483647;
			files = (
			);
			runOnlyForDeploymentPostprocessing = 0;
		};
		27EA804B2DF83E1D00D8CC31 /* Resources */ = {
			isa = PBXResourcesBuildPhase;
			buildActionMask = 2147483647;
			files = (
				27EA804C2DF83E1D00D8CC31 /* Assets.xcassets in Resources */,
				27EA804D2DF83E1D00D8CC31 /* LaunchScreen.storyboard in Resources */,
				27EA804E2DF83E1D00D8CC31 /* Main.storyboard in Resources */,
				27EA81A62E091B9000D8CC31 /* Roboto-Light.ttf in Resources */,
				27EA81A72E091B9000D8CC31 /* Roboto-Medium.ttf in Resources */,
				27EA81A82E091B9000D8CC31 /* Roboto-Regular.ttf in Resources */,
				27EA81A92E091B9000D8CC31 /* Roboto-Bold.ttf in Resources */,
			);
			runOnlyForDeploymentPostprocessing = 0;
		};
/* End PBXResourcesBuildPhase section */

/* Begin PBXSourcesBuildPhase section */
		272362CE2DF830B100C16E5E /* Sources */ = {
			isa = PBXSourcesBuildPhase;
			buildActionMask = 2147483647;
			files = (
				27EA82F12E1E902400D8CC31 /* HomeViewController.swift in Sources */,
				A84AABFD2E2A638400B5139B /* PersonalInformationView.swift in Sources */,
				27EA80832DF86D6A00D8CC31 /* LoginView.swift in Sources */,
				A84AAB4F2E23736700B5139B /* ProfileModel.swift in Sources */,
				27EA80B72DF87D6200D8CC31 /* SocialAuthManager.swift in Sources */,
				27EA82FA2E1E905400D8CC31 /* PackageViewController.swift in Sources */,
				27EA82F62E1E904900D8CC31 /* PackageView.swift in Sources */,
				27EA83072E1E909C00D8CC31 /* ReservationViewController.swift in Sources */,
				A84AAB552E23748600B5139B /* ProfileTableViewCell.swift in Sources */,
				27EA82EA2E1E8FA000D8CC31 /* TabBarViewModel.swift in Sources */,
				A84AABF82E2A633800B5139B /* PersonalInformationViewModel.swift in Sources */,
				27EA82E72E1E8F5800D8CC31 /* MainTabBarController.swift in Sources */,
				A8A670642E12940A0017F98B /* SignUpViewModel.swift in Sources */,
				27EA80442DF83D7500D8CC31 /* LoginViewController.swift in Sources */,
				27EA80412DF83B3300D8CC31 /* AppDelegate.swift in Sources */,
				A8A670672E16D3AA0017F98B /* ExtensionNSAttributedString.swift in Sources */,
				27EA81C42E09821300D8CC31 /* ExtensionString.swift in Sources */,
				27EA82FF2E1E907700D8CC31 /* ProfileView.swift in Sources */,
				A8A671172E1EA7CC0017F98B /* WelcomeModel.swift in Sources */,
				A84AAC002E2A639000B5139B /* PersonalInformationViewController.swift in Sources */,
				27EA83212E1E931A00D8CC31 /* TabItem.swift in Sources */,
				27EA83012E1E908500D8CC31 /* ProfileViewController.swift in Sources */,
				27EA81AF2E0920DF00D8CC31 /* CustomButton.swift in Sources */,
				27EA81C12E0981F600D8CC31 /* ExtensionAttributeString.swift in Sources */,
				A8A670612E1293F60017F98B /* SignUpViewController.swift in Sources */,
				27EA81C72E09864100D8CC31 /* ExtensionButton.swift in Sources */,
				27EA805D2DF850AF00D8CC31 /* AppConstant.swift in Sources */,
				27EA83092E1E90A800D8CC31 /* ReservationView.swift in Sources */,
				27EA80422DF83B3300D8CC31 /* SceneDelegate.swift in Sources */,
				27EA808A2DF86EC900D8CC31 /* LoginViewModel.swift in Sources */,
				A8A671032E1EA5B30017F98B /* CustomPageControl.swift in Sources */,
				A84AABF42E2A631600B5139B /* PersonalInformationModel.swift in Sources */,
				27EA81982E09144D00D8CC31 /* CustomTextField.swift in Sources */,
				27EA81AB2E091CE200D8CC31 /* ExtensionFont.swift in Sources */,
				A8A670FD2E1EA5780017F98B /* OnBoardingView.swift in Sources */,
				27EA80C02DF990F700D8CC31 /* CryptoUtils.swift in Sources */,
				27EA808C2DF87B9200D8CC31 /* SplashViewController.swift in Sources */,
				A84AAB532E23737200B5139B /* ProfileViewModel.swift in Sources */,
				27EA82EF2E1E901500D8CC31 /* HomeView.swift in Sources */,
				27EA819B2E09160B00D8CC31 /* ExtensionColor.swift in Sources */,
				A8A6705E2E1293EE0017F98B /* SignUpView.swift in Sources */,
				A8A671072E1EA5BB0017F98B /* OnBoardingCell.swift in Sources */,
				A8A671012E1EA5800017F98B /* OnBoardingViewController.swift in Sources */,
				A8A6711B2E1EA8480017F98B /* OnBoardingViewModel.swift in Sources */,
			);
			runOnlyForDeploymentPostprocessing = 0;
		};
		272362E42DF830B300C16E5E /* Sources */ = {
			isa = PBXSourcesBuildPhase;
			buildActionMask = 2147483647;
			files = (
			);
			runOnlyForDeploymentPostprocessing = 0;
		};
		272362EE2DF830B300C16E5E /* Sources */ = {
			isa = PBXSourcesBuildPhase;
			buildActionMask = 2147483647;
			files = (
			);
			runOnlyForDeploymentPostprocessing = 0;
		};
		27EA80462DF83E1D00D8CC31 /* Sources */ = {
			isa = PBXSourcesBuildPhase;
			buildActionMask = 2147483647;
			files = (
				27EA82F22E1E902400D8CC31 /* HomeViewController.swift in Sources */,
				A84AABFE2E2A638400B5139B /* PersonalInformationView.swift in Sources */,
				27EA80842DF86D6A00D8CC31 /* LoginView.swift in Sources */,
				A84AAB502E23736700B5139B /* ProfileModel.swift in Sources */,
				27EA80B62DF87D6200D8CC31 /* SocialAuthManager.swift in Sources */,
				27EA82F92E1E905400D8CC31 /* PackageViewController.swift in Sources */,
				27EA82F72E1E904900D8CC31 /* PackageView.swift in Sources */,
				27EA83062E1E909C00D8CC31 /* ReservationViewController.swift in Sources */,
				A84AAB562E23748600B5139B /* ProfileTableViewCell.swift in Sources */,
				27EA82E92E1E8FA000D8CC31 /* TabBarViewModel.swift in Sources */,
				A84AABF72E2A633800B5139B /* PersonalInformationViewModel.swift in Sources */,
				27EA82E62E1E8F5800D8CC31 /* MainTabBarController.swift in Sources */,
				A8A670652E12940A0017F98B /* SignUpViewModel.swift in Sources */,
				27EA80472DF83E1D00D8CC31 /* LoginViewController.swift in Sources */,
				27EA80482DF83E1D00D8CC31 /* AppDelegate.swift in Sources */,
				A8A670682E16D3AA0017F98B /* ExtensionNSAttributedString.swift in Sources */,
				27EA81C52E09821300D8CC31 /* ExtensionString.swift in Sources */,
				27EA82FE2E1E907700D8CC31 /* ProfileView.swift in Sources */,
				A8A671182E1EA7CC0017F98B /* WelcomeModel.swift in Sources */,
				A84AAC012E2A639000B5139B /* PersonalInformationViewController.swift in Sources */,
				27EA83202E1E931A00D8CC31 /* TabItem.swift in Sources */,
				27EA83022E1E908500D8CC31 /* ProfileViewController.swift in Sources */,
				27EA81AE2E0920DF00D8CC31 /* CustomButton.swift in Sources */,
				27EA81C22E0981F600D8CC31 /* ExtensionAttributeString.swift in Sources */,
				A8A670622E1293F60017F98B /* SignUpViewController.swift in Sources */,
				27EA81C82E09864100D8CC31 /* ExtensionButton.swift in Sources */,
				27EA805E2DF850AF00D8CC31 /* AppConstant.swift in Sources */,
				27EA830A2E1E90A800D8CC31 /* ReservationView.swift in Sources */,
				27EA80492DF83E1D00D8CC31 /* SceneDelegate.swift in Sources */,
				27EA80892DF86EC900D8CC31 /* LoginViewModel.swift in Sources */,
				A8A671042E1EA5B30017F98B /* CustomPageControl.swift in Sources */,
				A84AABF52E2A631600B5139B /* PersonalInformationModel.swift in Sources */,
				27EA81972E09144D00D8CC31 /* CustomTextField.swift in Sources */,
				27EA81AC2E091CE200D8CC31 /* ExtensionFont.swift in Sources */,
				A8A670FE2E1EA5780017F98B /* OnBoardingView.swift in Sources */,
				27EA80BF2DF990F700D8CC31 /* CryptoUtils.swift in Sources */,
				27EA808D2DF87B9200D8CC31 /* SplashViewController.swift in Sources */,
				A84AAB522E23737200B5139B /* ProfileViewModel.swift in Sources */,
				27EA82EE2E1E901500D8CC31 /* HomeView.swift in Sources */,
				27EA819C2E09160B00D8CC31 /* ExtensionColor.swift in Sources */,
				A8A6705F2E1293EE0017F98B /* SignUpView.swift in Sources */,
				A8A671062E1EA5BB0017F98B /* OnBoardingCell.swift in Sources */,
				A8A671002E1EA5800017F98B /* OnBoardingViewController.swift in Sources */,
				A8A6711C2E1EA8480017F98B /* OnBoardingViewModel.swift in Sources */,
			);
			runOnlyForDeploymentPostprocessing = 0;
		};
/* End PBXSourcesBuildPhase section */

/* Begin PBXTargetDependency section */
		272362EA2DF830B300C16E5E /* PBXTargetDependency */ = {
			isa = PBXTargetDependency;
			target = 272362D12DF830B100C16E5E /* BicolScubaDiving_Prod */;
			targetProxy = 272362E92DF830B300C16E5E /* PBXContainerItemProxy */;
		};
		272362F42DF830B300C16E5E /* PBXTargetDependency */ = {
			isa = PBXTargetDependency;
			target = 272362D12DF830B100C16E5E /* BicolScubaDiving_Prod */;
			targetProxy = 272362F32DF830B300C16E5E /* PBXContainerItemProxy */;
		};
/* End PBXTargetDependency section */

/* Begin PBXVariantGroup section */
		27EA802E2DF83B3300D8CC31 /* LaunchScreen.storyboard */ = {
			isa = PBXVariantGroup;
			children = (
				27EA802D2DF83B3300D8CC31 /* Base */,
			);
			name = LaunchScreen.storyboard;
			sourceTree = "<group>";
		};
		27EA80302DF83B3300D8CC31 /* Main.storyboard */ = {
			isa = PBXVariantGroup;
			children = (
				27EA802F2DF83B3300D8CC31 /* Base */,
			);
			name = Main.storyboard;
			sourceTree = "<group>";
		};
/* End PBXVariantGroup section */

/* Begin XCBuildConfiguration section */
		272362FC2DF830B300C16E5E /* Debug */ = {
			isa = XCBuildConfiguration;
			buildSettings = {
				APP_DISPLAY_NAME = "Bicol Scuba";
				APP_ENVIRONMENT = PROD;
				ASSETCATALOG_COMPILER_APPICON_NAME = AppIcon;
				ASSETCATALOG_COMPILER_GLOBAL_ACCENT_COLOR_NAME = AccentColor;
				CODE_SIGN_STYLE = Automatic;
				CURRENT_PROJECT_VERSION = 1;
				DEVELOPMENT_TEAM = "";
				GENERATE_INFOPLIST_FILE = YES;
				INFOPLIST_FILE = BicolScubaDiving/Configuration/Plists/Info.plist;
				INFOPLIST_KEY_CFBundleDisplayName = "$(APP_DISPLAY_NAME)";
				INFOPLIST_KEY_UIApplicationSupportsIndirectInputEvents = YES;
				INFOPLIST_KEY_UILaunchStoryboardName = LaunchScreen;
				INFOPLIST_KEY_UIMainStoryboardFile = Main;
				INFOPLIST_KEY_UISupportedInterfaceOrientations = UIInterfaceOrientationPortrait;
				IPHONEOS_DEPLOYMENT_TARGET = 15.6;
				LD_RUNPATH_SEARCH_PATHS = (
					"$(inherited)",
					"@executable_path/Frameworks",
				);
				MARKETING_VERSION = 1.0;
				PRODUCT_BUNDLE_IDENTIFIER = com.sti.bicolscubadiving;
				PRODUCT_NAME = "$(TARGET_NAME)";
				SUPPORTED_PLATFORMS = "iphoneos iphonesimulator";
				SUPPORTS_MACCATALYST = NO;
				SUPPORTS_MAC_DESIGNED_FOR_IPHONE_IPAD = NO;
				SUPPORTS_XR_DESIGNED_FOR_IPHONE_IPAD = NO;
				SWIFT_EMIT_LOC_STRINGS = YES;
				SWIFT_VERSION = 5.0;
				TARGETED_DEVICE_FAMILY = 1;
			};
			name = Debug;
		};
		272362FD2DF830B300C16E5E /* Release */ = {
			isa = XCBuildConfiguration;
			buildSettings = {
				APP_DISPLAY_NAME = "Bicol Scuba";
				APP_ENVIRONMENT = PROD;
				ASSETCATALOG_COMPILER_APPICON_NAME = AppIcon;
				ASSETCATALOG_COMPILER_GLOBAL_ACCENT_COLOR_NAME = AccentColor;
				CODE_SIGN_STYLE = Automatic;
				CURRENT_PROJECT_VERSION = 1;
				DEVELOPMENT_TEAM = "";
				GENERATE_INFOPLIST_FILE = YES;
				INFOPLIST_FILE = BicolScubaDiving/Configuration/Plists/Info.plist;
				INFOPLIST_KEY_CFBundleDisplayName = "$(APP_DISPLAY_NAME)";
				INFOPLIST_KEY_UIApplicationSupportsIndirectInputEvents = YES;
				INFOPLIST_KEY_UILaunchStoryboardName = LaunchScreen;
				INFOPLIST_KEY_UIMainStoryboardFile = Main;
				INFOPLIST_KEY_UISupportedInterfaceOrientations = UIInterfaceOrientationPortrait;
				IPHONEOS_DEPLOYMENT_TARGET = 15.6;
				LD_RUNPATH_SEARCH_PATHS = (
					"$(inherited)",
					"@executable_path/Frameworks",
				);
				MARKETING_VERSION = 1.0;
				PRODUCT_BUNDLE_IDENTIFIER = com.sti.bicolscubadiving;
				PRODUCT_NAME = "$(TARGET_NAME)";
				SUPPORTED_PLATFORMS = "iphoneos iphonesimulator";
				SUPPORTS_MACCATALYST = NO;
				SUPPORTS_MAC_DESIGNED_FOR_IPHONE_IPAD = NO;
				SUPPORTS_XR_DESIGNED_FOR_IPHONE_IPAD = NO;
				SWIFT_EMIT_LOC_STRINGS = YES;
				SWIFT_VERSION = 5.0;
				TARGETED_DEVICE_FAMILY = 1;
			};
			name = Release;
		};
		272362FE2DF830B300C16E5E /* Debug */ = {
			isa = XCBuildConfiguration;
			buildSettings = {
				ALWAYS_SEARCH_USER_PATHS = NO;
				ASSETCATALOG_COMPILER_GENERATE_SWIFT_ASSET_SYMBOL_EXTENSIONS = YES;
				CLANG_ANALYZER_NONNULL = YES;
				CLANG_ANALYZER_NUMBER_OBJECT_CONVERSION = YES_AGGRESSIVE;
				CLANG_CXX_LANGUAGE_STANDARD = "gnu++20";
				CLANG_ENABLE_MODULES = YES;
				CLANG_ENABLE_OBJC_ARC = YES;
				CLANG_ENABLE_OBJC_WEAK = YES;
				CLANG_WARN_BLOCK_CAPTURE_AUTORELEASING = YES;
				CLANG_WARN_BOOL_CONVERSION = YES;
				CLANG_WARN_COMMA = YES;
				CLANG_WARN_CONSTANT_CONVERSION = YES;
				CLANG_WARN_DEPRECATED_OBJC_IMPLEMENTATIONS = YES;
				CLANG_WARN_DIRECT_OBJC_ISA_USAGE = YES_ERROR;
				CLANG_WARN_DOCUMENTATION_COMMENTS = YES;
				CLANG_WARN_EMPTY_BODY = YES;
				CLANG_WARN_ENUM_CONVERSION = YES;
				CLANG_WARN_INFINITE_RECURSION = YES;
				CLANG_WARN_INT_CONVERSION = YES;
				CLANG_WARN_NON_LITERAL_NULL_CONVERSION = YES;
				CLANG_WARN_OBJC_IMPLICIT_RETAIN_SELF = YES;
				CLANG_WARN_OBJC_LITERAL_CONVERSION = YES;
				CLANG_WARN_OBJC_ROOT_CLASS = YES_ERROR;
				CLANG_WARN_QUOTED_INCLUDE_IN_FRAMEWORK_HEADER = YES;
				CLANG_WARN_RANGE_LOOP_ANALYSIS = YES;
				CLANG_WARN_STRICT_PROTOTYPES = YES;
				CLANG_WARN_SUSPICIOUS_MOVE = YES;
				CLANG_WARN_UNGUARDED_AVAILABILITY = YES_AGGRESSIVE;
				CLANG_WARN_UNREACHABLE_CODE = YES;
				CLANG_WARN__DUPLICATE_METHOD_MATCH = YES;
				COPY_PHASE_STRIP = NO;
				DEBUG_INFORMATION_FORMAT = dwarf;
				ENABLE_STRICT_OBJC_MSGSEND = YES;
				ENABLE_TESTABILITY = YES;
				ENABLE_USER_SCRIPT_SANDBOXING = YES;
				GCC_C_LANGUAGE_STANDARD = gnu17;
				GCC_DYNAMIC_NO_PIC = NO;
				GCC_NO_COMMON_BLOCKS = YES;
				GCC_OPTIMIZATION_LEVEL = 0;
				GCC_PREPROCESSOR_DEFINITIONS = (
					"DEBUG=1",
					"$(inherited)",
				);
				GCC_WARN_64_TO_32_BIT_CONVERSION = YES;
				GCC_WARN_ABOUT_RETURN_TYPE = YES_ERROR;
				GCC_WARN_UNDECLARED_SELECTOR = YES;
				GCC_WARN_UNINITIALIZED_AUTOS = YES_AGGRESSIVE;
				GCC_WARN_UNUSED_FUNCTION = YES;
				GCC_WARN_UNUSED_VARIABLE = YES;
				IPHONEOS_DEPLOYMENT_TARGET = 15.6;
				LOCALIZATION_PREFERS_STRING_CATALOGS = YES;
				MTL_ENABLE_DEBUG_INFO = INCLUDE_SOURCE;
				MTL_FAST_MATH = YES;
				ONLY_ACTIVE_ARCH = YES;
				SDKROOT = iphoneos;
				SWIFT_ACTIVE_COMPILATION_CONDITIONS = "DEBUG $(inherited)";
				SWIFT_OPTIMIZATION_LEVEL = "-Onone";
			};
			name = Debug;
		};
		272362FF2DF830B300C16E5E /* Release */ = {
			isa = XCBuildConfiguration;
			buildSettings = {
				ALWAYS_SEARCH_USER_PATHS = NO;
				ASSETCATALOG_COMPILER_GENERATE_SWIFT_ASSET_SYMBOL_EXTENSIONS = YES;
				CLANG_ANALYZER_NONNULL = YES;
				CLANG_ANALYZER_NUMBER_OBJECT_CONVERSION = YES_AGGRESSIVE;
				CLANG_CXX_LANGUAGE_STANDARD = "gnu++20";
				CLANG_ENABLE_MODULES = YES;
				CLANG_ENABLE_OBJC_ARC = YES;
				CLANG_ENABLE_OBJC_WEAK = YES;
				CLANG_WARN_BLOCK_CAPTURE_AUTORELEASING = YES;
				CLANG_WARN_BOOL_CONVERSION = YES;
				CLANG_WARN_COMMA = YES;
				CLANG_WARN_CONSTANT_CONVERSION = YES;
				CLANG_WARN_DEPRECATED_OBJC_IMPLEMENTATIONS = YES;
				CLANG_WARN_DIRECT_OBJC_ISA_USAGE = YES_ERROR;
				CLANG_WARN_DOCUMENTATION_COMMENTS = YES;
				CLANG_WARN_EMPTY_BODY = YES;
				CLANG_WARN_ENUM_CONVERSION = YES;
				CLANG_WARN_INFINITE_RECURSION = YES;
				CLANG_WARN_INT_CONVERSION = YES;
				CLANG_WARN_NON_LITERAL_NULL_CONVERSION = YES;
				CLANG_WARN_OBJC_IMPLICIT_RETAIN_SELF = YES;
				CLANG_WARN_OBJC_LITERAL_CONVERSION = YES;
				CLANG_WARN_OBJC_ROOT_CLASS = YES_ERROR;
				CLANG_WARN_QUOTED_INCLUDE_IN_FRAMEWORK_HEADER = YES;
				CLANG_WARN_RANGE_LOOP_ANALYSIS = YES;
				CLANG_WARN_STRICT_PROTOTYPES = YES;
				CLANG_WARN_SUSPICIOUS_MOVE = YES;
				CLANG_WARN_UNGUARDED_AVAILABILITY = YES_AGGRESSIVE;
				CLANG_WARN_UNREACHABLE_CODE = YES;
				CLANG_WARN__DUPLICATE_METHOD_MATCH = YES;
				COPY_PHASE_STRIP = NO;
				DEBUG_INFORMATION_FORMAT = "dwarf-with-dsym";
				ENABLE_NS_ASSERTIONS = NO;
				ENABLE_STRICT_OBJC_MSGSEND = YES;
				ENABLE_USER_SCRIPT_SANDBOXING = YES;
				GCC_C_LANGUAGE_STANDARD = gnu17;
				GCC_NO_COMMON_BLOCKS = YES;
				GCC_WARN_64_TO_32_BIT_CONVERSION = YES;
				GCC_WARN_ABOUT_RETURN_TYPE = YES_ERROR;
				GCC_WARN_UNDECLARED_SELECTOR = YES;
				GCC_WARN_UNINITIALIZED_AUTOS = YES_AGGRESSIVE;
				GCC_WARN_UNUSED_FUNCTION = YES;
				GCC_WARN_UNUSED_VARIABLE = YES;
				IPHONEOS_DEPLOYMENT_TARGET = 15.6;
				LOCALIZATION_PREFERS_STRING_CATALOGS = YES;
				MTL_ENABLE_DEBUG_INFO = NO;
				MTL_FAST_MATH = YES;
				SDKROOT = iphoneos;
				SWIFT_COMPILATION_MODE = wholemodule;
				VALIDATE_PRODUCT = YES;
			};
			name = Release;
		};
		272363012DF830B300C16E5E /* Debug */ = {
			isa = XCBuildConfiguration;
			buildSettings = {
				BUNDLE_LOADER = "$(TEST_HOST)";
				CODE_SIGN_STYLE = Automatic;
				CURRENT_PROJECT_VERSION = 1;
				GENERATE_INFOPLIST_FILE = YES;
				IPHONEOS_DEPLOYMENT_TARGET = 18.2;
				MARKETING_VERSION = 1.0;
				PRODUCT_BUNDLE_IDENTIFIER = com.sti.BicolScubaDivingTests;
				PRODUCT_NAME = "$(TARGET_NAME)";
				SWIFT_EMIT_LOC_STRINGS = NO;
				SWIFT_VERSION = 5.0;
				TARGETED_DEVICE_FAMILY = "1,2";
				TEST_HOST = "$(BUILT_PRODUCTS_DIR)/BicolScubaDiving.app/$(BUNDLE_EXECUTABLE_FOLDER_PATH)/BicolScubaDiving";
			};
			name = Debug;
		};
		272363022DF830B300C16E5E /* Release */ = {
			isa = XCBuildConfiguration;
			buildSettings = {
				BUNDLE_LOADER = "$(TEST_HOST)";
				CODE_SIGN_STYLE = Automatic;
				CURRENT_PROJECT_VERSION = 1;
				GENERATE_INFOPLIST_FILE = YES;
				IPHONEOS_DEPLOYMENT_TARGET = 18.2;
				MARKETING_VERSION = 1.0;
				PRODUCT_BUNDLE_IDENTIFIER = com.sti.BicolScubaDivingTests;
				PRODUCT_NAME = "$(TARGET_NAME)";
				SWIFT_EMIT_LOC_STRINGS = NO;
				SWIFT_VERSION = 5.0;
				TARGETED_DEVICE_FAMILY = "1,2";
				TEST_HOST = "$(BUILT_PRODUCTS_DIR)/BicolScubaDiving.app/$(BUNDLE_EXECUTABLE_FOLDER_PATH)/BicolScubaDiving";
			};
			name = Release;
		};
		272363042DF830B300C16E5E /* Debug */ = {
			isa = XCBuildConfiguration;
			buildSettings = {
				CODE_SIGN_STYLE = Automatic;
				CURRENT_PROJECT_VERSION = 1;
				GENERATE_INFOPLIST_FILE = YES;
				MARKETING_VERSION = 1.0;
				PRODUCT_BUNDLE_IDENTIFIER = com.sti.BicolScubaDivingUITests;
				PRODUCT_NAME = "$(TARGET_NAME)";
				SWIFT_EMIT_LOC_STRINGS = NO;
				SWIFT_VERSION = 5.0;
				TARGETED_DEVICE_FAMILY = "1,2";
				TEST_TARGET_NAME = BicolScubaDiving;
			};
			name = Debug;
		};
		272363052DF830B300C16E5E /* Release */ = {
			isa = XCBuildConfiguration;
			buildSettings = {
				CODE_SIGN_STYLE = Automatic;
				CURRENT_PROJECT_VERSION = 1;
				GENERATE_INFOPLIST_FILE = YES;
				MARKETING_VERSION = 1.0;
				PRODUCT_BUNDLE_IDENTIFIER = com.sti.BicolScubaDivingUITests;
				PRODUCT_NAME = "$(TARGET_NAME)";
				SWIFT_EMIT_LOC_STRINGS = NO;
				SWIFT_VERSION = 5.0;
				TARGETED_DEVICE_FAMILY = "1,2";
				TEST_TARGET_NAME = BicolScubaDiving;
			};
			name = Release;
		};
		27EA80502DF83E1D00D8CC31 /* Debug */ = {
			isa = XCBuildConfiguration;
			buildSettings = {
				APP_DISPLAY_NAME = "Bicol Scuba DEV";
				APP_ENVIRONMENT = DEV;
				ASSETCATALOG_COMPILER_APPICON_NAME = AppIcon;
				ASSETCATALOG_COMPILER_GLOBAL_ACCENT_COLOR_NAME = AccentColor;
				CODE_SIGN_IDENTITY = "Apple Development";
				CODE_SIGN_STYLE = Automatic;
				CURRENT_PROJECT_VERSION = 1;
				DEVELOPMENT_TEAM = "";
				GENERATE_INFOPLIST_FILE = YES;
				INFOPLIST_FILE = "BicolScubaDiving/Configuration/Plists/Dev Info.plist";
				INFOPLIST_KEY_CFBundleDisplayName = "$(APP_DISPLAY_NAME)";
				INFOPLIST_KEY_UIApplicationSupportsIndirectInputEvents = YES;
				INFOPLIST_KEY_UILaunchStoryboardName = LaunchScreen;
				INFOPLIST_KEY_UIMainStoryboardFile = Main;
				INFOPLIST_KEY_UISupportedInterfaceOrientations = UIInterfaceOrientationPortrait;
				IPHONEOS_DEPLOYMENT_TARGET = 15.6;
				LD_RUNPATH_SEARCH_PATHS = (
					"$(inherited)",
					"@executable_path/Frameworks",
				);
				MARKETING_VERSION = 1.0;
				PRODUCT_BUNDLE_IDENTIFIER = com.sti.bicolscubadiving.dev;
				PRODUCT_NAME = "$(TARGET_NAME)";
				PROVISIONING_PROFILE_SPECIFIER = "";
				SUPPORTED_PLATFORMS = "iphoneos iphonesimulator";
				SUPPORTS_MACCATALYST = NO;
				SUPPORTS_MAC_DESIGNED_FOR_IPHONE_IPAD = NO;
				SUPPORTS_XR_DESIGNED_FOR_IPHONE_IPAD = NO;
				SWIFT_EMIT_LOC_STRINGS = YES;
				SWIFT_VERSION = 5.0;
				TARGETED_DEVICE_FAMILY = 1;
			};
			name = Debug;
		};
		27EA80512DF83E1D00D8CC31 /* Release */ = {
			isa = XCBuildConfiguration;
			buildSettings = {
				APP_DISPLAY_NAME = "Bicol Scuba DEV";
				APP_ENVIRONMENT = DEV;
				ASSETCATALOG_COMPILER_APPICON_NAME = AppIcon;
				ASSETCATALOG_COMPILER_GLOBAL_ACCENT_COLOR_NAME = AccentColor;
				CODE_SIGN_IDENTITY = "Apple Development";
				CODE_SIGN_STYLE = Automatic;
				CURRENT_PROJECT_VERSION = 1;
				DEVELOPMENT_TEAM = "";
				GENERATE_INFOPLIST_FILE = YES;
				INFOPLIST_FILE = "BicolScubaDiving/Configuration/Plists/Dev Info.plist";
				INFOPLIST_KEY_CFBundleDisplayName = "$(APP_DISPLAY_NAME)";
				INFOPLIST_KEY_UIApplicationSupportsIndirectInputEvents = YES;
				INFOPLIST_KEY_UILaunchStoryboardName = LaunchScreen;
				INFOPLIST_KEY_UIMainStoryboardFile = Main;
				INFOPLIST_KEY_UISupportedInterfaceOrientations = UIInterfaceOrientationPortrait;
				IPHONEOS_DEPLOYMENT_TARGET = 15.6;
				LD_RUNPATH_SEARCH_PATHS = (
					"$(inherited)",
					"@executable_path/Frameworks",
				);
				MARKETING_VERSION = 1.0;
				PRODUCT_BUNDLE_IDENTIFIER = com.sti.bicolscubadiving.dev;
				PRODUCT_NAME = "$(TARGET_NAME)";
				PROVISIONING_PROFILE_SPECIFIER = "";
				SUPPORTED_PLATFORMS = "iphoneos iphonesimulator";
				SUPPORTS_MACCATALYST = NO;
				SUPPORTS_MAC_DESIGNED_FOR_IPHONE_IPAD = NO;
				SUPPORTS_XR_DESIGNED_FOR_IPHONE_IPAD = NO;
				SWIFT_EMIT_LOC_STRINGS = YES;
				SWIFT_VERSION = 5.0;
				TARGETED_DEVICE_FAMILY = 1;
			};
			name = Release;
		};
/* End XCBuildConfiguration section */

/* Begin XCConfigurationList section */
		272362CD2DF830B100C16E5E /* Build configuration list for PBXProject "BicolScubaDiving" */ = {
			isa = XCConfigurationList;
			buildConfigurations = (
				272362FE2DF830B300C16E5E /* Debug */,
				272362FF2DF830B300C16E5E /* Release */,
			);
			defaultConfigurationIsVisible = 0;
			defaultConfigurationName = Release;
		};
		272362FB2DF830B300C16E5E /* Build configuration list for PBXNativeTarget "BicolScubaDiving_Prod" */ = {
			isa = XCConfigurationList;
			buildConfigurations = (
				272362FC2DF830B300C16E5E /* Debug */,
				272362FD2DF830B300C16E5E /* Release */,
			);
			defaultConfigurationIsVisible = 0;
			defaultConfigurationName = Release;
		};
		272363002DF830B300C16E5E /* Build configuration list for PBXNativeTarget "BicolScubaDivingTests" */ = {
			isa = XCConfigurationList;
			buildConfigurations = (
				272363012DF830B300C16E5E /* Debug */,
				272363022DF830B300C16E5E /* Release */,
			);
			defaultConfigurationIsVisible = 0;
			defaultConfigurationName = Release;
		};
		272363032DF830B300C16E5E /* Build configuration list for PBXNativeTarget "BicolScubaDivingUITests" */ = {
			isa = XCConfigurationList;
			buildConfigurations = (
				272363042DF830B300C16E5E /* Debug */,
				272363052DF830B300C16E5E /* Release */,
			);
			defaultConfigurationIsVisible = 0;
			defaultConfigurationName = Release;
		};
		27EA804F2DF83E1D00D8CC31 /* Build configuration list for PBXNativeTarget "BicolScubaDiving_Dev" */ = {
			isa = XCConfigurationList;
			buildConfigurations = (
				27EA80502DF83E1D00D8CC31 /* Debug */,
				27EA80512DF83E1D00D8CC31 /* Release */,
			);
			defaultConfigurationIsVisible = 0;
			defaultConfigurationName = Release;
		};
/* End XCConfigurationList section */

/* Begin XCRemoteSwiftPackageReference section */
		272363632DF8363C00C16E5E /* XCRemoteSwiftPackageReference "SnapKit" */ = {
			isa = XCRemoteSwiftPackageReference;
			repositoryURL = "https://github.com/SnapKit/SnapKit";
			requirement = {
				kind = upToNextMajorVersion;
				minimumVersion = 5.7.1;
			};
		};
		272363642DF8365600C16E5E /* XCRemoteSwiftPackageReference "SwiftyJSON" */ = {
			isa = XCRemoteSwiftPackageReference;
			repositoryURL = "https://github.com/SwiftyJSON/SwiftyJSON";
			requirement = {
				kind = upToNextMajorVersion;
				minimumVersion = 5.0.2;
			};
		};
		272363652DF8366C00C16E5E /* XCRemoteSwiftPackageReference "Kingfisher" */ = {
			isa = XCRemoteSwiftPackageReference;
			repositoryURL = "https://github.com/onevcat/Kingfisher";
			requirement = {
				kind = upToNextMajorVersion;
				minimumVersion = 8.3.2;
			};
		};
		272363662DF836BD00C16E5E /* XCRemoteSwiftPackageReference "firebase-ios-sdk" */ = {
			isa = XCRemoteSwiftPackageReference;
			repositoryURL = "https://github.com/firebase/firebase-ios-sdk.git";
			requirement = {
				kind = upToNextMajorVersion;
				minimumVersion = 11.14.0;
			};
		};
		272363672DF8372200C16E5E /* XCRemoteSwiftPackageReference "IQKeyboardManager" */ = {
			isa = XCRemoteSwiftPackageReference;
			repositoryURL = "https://github.com/hackiftekhar/IQKeyboardManager";
			requirement = {
				kind = upToNextMajorVersion;
				minimumVersion = 8.0.1;
			};
		};
		27EA80B82DF87E5F00D8CC31 /* XCRemoteSwiftPackageReference "GoogleSignIn-iOS" */ = {
			isa = XCRemoteSwiftPackageReference;
			repositoryURL = "https://github.com/google/GoogleSignIn-iOS";
			requirement = {
				kind = upToNextMajorVersion;
				minimumVersion = 8.0.0;
			};
		};
/* End XCRemoteSwiftPackageReference section */

/* Begin XCSwiftPackageProductDependency section */
		27EA80602DF8562B00D8CC31 /* SnapKit */ = {
			isa = XCSwiftPackageProductDependency;
			package = 272363632DF8363C00C16E5E /* XCRemoteSwiftPackageReference "SnapKit" */;
			productName = SnapKit;
		};
		27EA80622DF8563000D8CC31 /* SwiftyJSON */ = {
			isa = XCSwiftPackageProductDependency;
			package = 272363642DF8365600C16E5E /* XCRemoteSwiftPackageReference "SwiftyJSON" */;
			productName = SwiftyJSON;
		};
		27EA80642DF8563400D8CC31 /* Kingfisher */ = {
			isa = XCSwiftPackageProductDependency;
			package = 272363652DF8366C00C16E5E /* XCRemoteSwiftPackageReference "Kingfisher" */;
			productName = Kingfisher;
		};
		27EA80662DF8564200D8CC31 /* IQKeyboardManagerSwift */ = {
			isa = XCSwiftPackageProductDependency;
			package = 272363672DF8372200C16E5E /* XCRemoteSwiftPackageReference "IQKeyboardManager" */;
			productName = IQKeyboardManagerSwift;
		};
		27EA80682DF8565A00D8CC31 /* FirebaseRemoteConfig */ = {
			isa = XCSwiftPackageProductDependency;
			package = 272363662DF836BD00C16E5E /* XCRemoteSwiftPackageReference "firebase-ios-sdk" */;
			productName = FirebaseRemoteConfig;
		};
		27EA806A2DF8566300D8CC31 /* FirebaseCore */ = {
			isa = XCSwiftPackageProductDependency;
			package = 272363662DF836BD00C16E5E /* XCRemoteSwiftPackageReference "firebase-ios-sdk" */;
			productName = FirebaseCore;
		};
		27EA806C2DF8567300D8CC31 /* FirebaseAnalytics */ = {
			isa = XCSwiftPackageProductDependency;
			package = 272363662DF836BD00C16E5E /* XCRemoteSwiftPackageReference "firebase-ios-sdk" */;
			productName = FirebaseAnalytics;
		};
		27EA806E2DF8568C00D8CC31 /* FirebaseAuth */ = {
			isa = XCSwiftPackageProductDependency;
			package = 272363662DF836BD00C16E5E /* XCRemoteSwiftPackageReference "firebase-ios-sdk" */;
			productName = FirebaseAuth;
		};
		27EA80702DF856A000D8CC31 /* SnapKit */ = {
			isa = XCSwiftPackageProductDependency;
			package = 272363632DF8363C00C16E5E /* XCRemoteSwiftPackageReference "SnapKit" */;
			productName = SnapKit;
		};
		27EA80722DF856A400D8CC31 /* SwiftyJSON */ = {
			isa = XCSwiftPackageProductDependency;
			package = 272363642DF8365600C16E5E /* XCRemoteSwiftPackageReference "SwiftyJSON" */;
			productName = SwiftyJSON;
		};
		27EA80742DF856A700D8CC31 /* Kingfisher */ = {
			isa = XCSwiftPackageProductDependency;
			package = 272363652DF8366C00C16E5E /* XCRemoteSwiftPackageReference "Kingfisher" */;
			productName = Kingfisher;
		};
		27EA80762DF856AD00D8CC31 /* FirebaseAnalytics */ = {
			isa = XCSwiftPackageProductDependency;
			package = 272363662DF836BD00C16E5E /* XCRemoteSwiftPackageReference "firebase-ios-sdk" */;
			productName = FirebaseAnalytics;
		};
		27EA80782DF856B200D8CC31 /* FirebaseAuth */ = {
			isa = XCSwiftPackageProductDependency;
			package = 272363662DF836BD00C16E5E /* XCRemoteSwiftPackageReference "firebase-ios-sdk" */;
			productName = FirebaseAuth;
		};
		27EA807A2DF856B700D8CC31 /* FirebaseCore */ = {
			isa = XCSwiftPackageProductDependency;
			package = 272363662DF836BD00C16E5E /* XCRemoteSwiftPackageReference "firebase-ios-sdk" */;
			productName = FirebaseCore;
		};
		27EA807C2DF856CE00D8CC31 /* IQKeyboardManagerSwift */ = {
			isa = XCSwiftPackageProductDependency;
			package = 272363672DF8372200C16E5E /* XCRemoteSwiftPackageReference "IQKeyboardManager" */;
			productName = IQKeyboardManagerSwift;
		};
		27EA807E2DF856DA00D8CC31 /* FirebaseRemoteConfig */ = {
			isa = XCSwiftPackageProductDependency;
			package = 272363662DF836BD00C16E5E /* XCRemoteSwiftPackageReference "firebase-ios-sdk" */;
			productName = FirebaseRemoteConfig;
		};
		27EA80B92DF87EBF00D8CC31 /* GoogleSignIn */ = {
			isa = XCSwiftPackageProductDependency;
			package = 27EA80B82DF87E5F00D8CC31 /* XCRemoteSwiftPackageReference "GoogleSignIn-iOS" */;
			productName = GoogleSignIn;
		};
		27EA80BB2DF9904F00D8CC31 /* GoogleSignIn */ = {
			isa = XCSwiftPackageProductDependency;
			package = 27EA80B82DF87E5F00D8CC31 /* XCRemoteSwiftPackageReference "GoogleSignIn-iOS" */;
			productName = GoogleSignIn;
		};
/* End XCSwiftPackageProductDependency section */
	};
	rootObject = 272362CA2DF830B100C16E5E /* Project object */;
}
